// !$*UTF8*$!
{
	archiveVersion = 1;
	classes = {
	};
	objectVersion = 56;
	objects = {

/* Begin PBXBuildFile section */
		646197902AA5A2A100354E26 /* calculator_swiftUIApp.swift in Sources */ = {isa = PBXBuildFile; fileRef = 6461978F2AA5A2A100354E26 /* calculator_swiftUIApp.swift */; };
		646197922AA5A2A100354E26 /* ContentView.swift in Sources */ = {isa = PBXBuildFile; fileRef = 646197912AA5A2A100354E26 /* ContentView.swift */; };
		646197942AA5A2A200354E26 /* Assets.xcassets in Resources */ = {isa = PBXBuildFile; fileRef = 646197932AA5A2A200354E26 /* Assets.xcassets */; };
		646197972AA5A2A200354E26 /* Preview Assets.xcassets in Resources */ = {isa = PBXBuildFile; fileRef = 646197962AA5A2A200354E26 /* Preview Assets.xcassets */; };
		646197A12AA5A2A300354E26 /* calculator_swiftUITests.swift in Sources */ = {isa = PBXBuildFile; fileRef = 646197A02AA5A2A300354E26 /* calculator_swiftUITests.swift */; };
		646197AB2AA5A2A300354E26 /* calculator_swiftUIUITests.swift in Sources */ = {isa = PBXBuildFile; fileRef = 646197AA2AA5A2A300354E26 /* calculator_swiftUIUITests.swift */; };
		646197AD2AA5A2A300354E26 /* calculator_swiftUIUITestsLaunchTests.swift in Sources */ = {isa = PBXBuildFile; fileRef = 646197AC2AA5A2A300354E26 /* calculator_swiftUIUITestsLaunchTests.swift */; };
/* End PBXBuildFile section */

/* Begin PBXContainerItemProxy section */
		6461979D2AA5A2A300354E26 /* PBXContainerItemProxy */ = {
			isa = PBXContainerItemProxy;
			containerPortal = 646197842AA5A2A100354E26 /* Project object */;
			proxyType = 1;
			remoteGlobalIDString = 6461978B2AA5A2A100354E26;
			remoteInfo = calculator_swiftUI;
		};
		646197A72AA5A2A300354E26 /* PBXContainerItemProxy */ = {
			isa = PBXContainerItemProxy;
			containerPortal = 646197842AA5A2A100354E26 /* Project object */;
			proxyType = 1;
			remoteGlobalIDString = 6461978B2AA5A2A100354E26;
			remoteInfo = calculator_swiftUI;
		};
/* End PBXContainerItemProxy section */

/* Begin PBXFileReference section */
		6461978C2AA5A2A100354E26 /* calculator_swiftUI.app */ = {isa = PBXFileReference; explicitFileType = wrapper.application; includeInIndex = 0; path = calculator_swiftUI.app; sourceTree = BUILT_PRODUCTS_DIR; };
		6461978F2AA5A2A100354E26 /* calculator_swiftUIApp.swift */ = {isa = PBXFileReference; lastKnownFileType = sourcecode.swift; path = calculator_swiftUIApp.swift; sourceTree = "<group>"; };
		646197912AA5A2A100354E26 /* ContentView.swift */ = {isa = PBXFileReference; lastKnownFileType = sourcecode.swift; path = ContentView.swift; sourceTree = "<group>"; };
		646197932AA5A2A200354E26 /* Assets.xcassets */ = {isa = PBXFileReference; lastKnownFileType = folder.assetcatalog; path = Assets.xcassets; sourceTree = "<group>"; };
		646197962AA5A2A200354E26 /* Preview Assets.xcassets */ = {isa = PBXFileReference; lastKnownFileType = folder.assetcatalog; path = "Preview Assets.xcassets"; sourceTree = "<group>"; };
		6461979C2AA5A2A300354E26 /* calculator_swiftUITests.xctest */ = {isa = PBXFileReference; explicitFileType = wrapper.cfbundle; includeInIndex = 0; path = calculator_swiftUITests.xctest; sourceTree = BUILT_PRODUCTS_DIR; };
		646197A02AA5A2A300354E26 /* calculator_swiftUITests.swift */ = {isa = PBXFileReference; lastKnownFileType = sourcecode.swift; path = calculator_swiftUITests.swift; sourceTree = "<group>"; };
		646197A62AA5A2A300354E26 /* calculator_swiftUIUITests.xctest */ = {isa = PBXFileReference; explicitFileType = wrapper.cfbundle; includeInIndex = 0; path = calculator_swiftUIUITests.xctest; sourceTree = BUILT_PRODUCTS_DIR; };
		646197AA2AA5A2A300354E26 /* calculator_swiftUIUITests.swift */ = {isa = PBXFileReference; lastKnownFileType = sourcecode.swift; path = calculator_swiftUIUITests.swift; sourceTree = "<group>"; };
		646197AC2AA5A2A300354E26 /* calculator_swiftUIUITestsLaunchTests.swift */ = {isa = PBXFileReference; lastKnownFileType = sourcecode.swift; path = calculator_swiftUIUITestsLaunchTests.swift; sourceTree = "<group>"; };
/* End PBXFileReference section */

/* Begin PBXFrameworksBuildPhase section */
		646197892AA5A2A100354E26 /* Frameworks */ = {
			isa = PBXFrameworksBuildPhase;
			buildActionMask = 2147483647;
			files = (
			);
			runOnlyForDeploymentPostprocessing = 0;
		};
		646197992AA5A2A300354E26 /* Frameworks */ = {
			isa = PBXFrameworksBuildPhase;
			buildActionMask = 2147483647;
			files = (
			);
			runOnlyForDeploymentPostprocessing = 0;
		};
		646197A32AA5A2A300354E26 /* Frameworks */ = {
			isa = PBXFrameworksBuildPhase;
			buildActionMask = 2147483647;
			files = (
			);
			runOnlyForDeploymentPostprocessing = 0;
		};
/* End PBXFrameworksBuildPhase section */

/* Begin PBXGroup section */
		646197832AA5A2A100354E26 = {
			isa = PBXGroup;
			children = (
				6461978E2AA5A2A100354E26 /* calculator_swiftUI */,
				6461979F2AA5A2A300354E26 /* calculator_swiftUITests */,
				646197A92AA5A2A300354E26 /* calculator_swiftUIUITests */,
				6461978D2AA5A2A100354E26 /* Products */,
			);
			sourceTree = "<group>";
		};
		6461978D2AA5A2A100354E26 /* Products */ = {
			isa = PBXGroup;
			children = (
				6461978C2AA5A2A100354E26 /* calculator_swiftUI.app */,
				6461979C2AA5A2A300354E26 /* calculator_swiftUITests.xctest */,
				646197A62AA5A2A300354E26 /* calculator_swiftUIUITests.xctest */,
			);
			name = Products;
			sourceTree = "<group>";
		};
		6461978E2AA5A2A100354E26 /* calculator_swiftUI */ = {
			isa = PBXGroup;
			children = (
				6461978F2AA5A2A100354E26 /* calculator_swiftUIApp.swift */,
				646197912AA5A2A100354E26 /* ContentView.swift */,
				646197932AA5A2A200354E26 /* Assets.xcassets */,
				646197952AA5A2A200354E26 /* Preview Content */,
			);
			path = calculator_swiftUI;
			sourceTree = "<group>";
		};
		646197952AA5A2A200354E26 /* Preview Content */ = {
			isa = PBXGroup;
			children = (
				646197962AA5A2A200354E26 /* Preview Assets.xcassets */,
			);
			path = "Preview Content";
			sourceTree = "<group>";
		};
		6461979F2AA5A2A300354E26 /* calculator_swiftUITests */ = {
			isa = PBXGroup;
			children = (
				646197A02AA5A2A300354E26 /* calculator_swiftUITests.swift */,
			);
			path = calculator_swiftUITests;
			sourceTree = "<group>";
		};
		646197A92AA5A2A300354E26 /* calculator_swiftUIUITests */ = {
			isa = PBXGroup;
			children = (
				646197AA2AA5A2A300354E26 /* calculator_swiftUIUITests.swift */,
				646197AC2AA5A2A300354E26 /* calculator_swiftUIUITestsLaunchTests.swift */,
			);
			path = calculator_swiftUIUITests;
			sourceTree = "<group>";
		};
/* End PBXGroup section */

/* Begin PBXNativeTarget section */
		6461978B2AA5A2A100354E26 /* calculator_swiftUI */ = {
			isa = PBXNativeTarget;
			buildConfigurationList = 646197B02AA5A2A300354E26 /* Build configuration list for PBXNativeTarget "calculator_swiftUI" */;
			buildPhases = (
				646197882AA5A2A100354E26 /* Sources */,
				646197892AA5A2A100354E26 /* Frameworks */,
				6461978A2AA5A2A100354E26 /* Resources */,
			);
			buildRules = (
			);
			dependencies = (
			);
			name = calculator_swiftUI;
			productName = calculator_swiftUI;
			productReference = 6461978C2AA5A2A100354E26 /* calculator_swiftUI.app */;
			productType = "com.apple.product-type.application";
		};
		6461979B2AA5A2A300354E26 /* calculator_swiftUITests */ = {
			isa = PBXNativeTarget;
			buildConfigurationList = 646197B32AA5A2A300354E26 /* Build configuration list for PBXNativeTarget "calculator_swiftUITests" */;
			buildPhases = (
				646197982AA5A2A300354E26 /* Sources */,
				646197992AA5A2A300354E26 /* Frameworks */,
				6461979A2AA5A2A300354E26 /* Resources */,
			);
			buildRules = (
			);
			dependencies = (
				6461979E2AA5A2A300354E26 /* PBXTargetDependency */,
			);
			name = calculator_swiftUITests;
			productName = calculator_swiftUITests;
			productReference = 6461979C2AA5A2A300354E26 /* calculator_swiftUITests.xctest */;
			productType = "com.apple.product-type.bundle.unit-test";
		};
		646197A52AA5A2A300354E26 /* calculator_swiftUIUITests */ = {
			isa = PBXNativeTarget;
			buildConfigurationList = 646197B62AA5A2A300354E26 /* Build configuration list for PBXNativeTarget "calculator_swiftUIUITests" */;
			buildPhases = (
				646197A22AA5A2A300354E26 /* Sources */,
				646197A32AA5A2A300354E26 /* Frameworks */,
				646197A42AA5A2A300354E26 /* Resources */,
			);
			buildRules = (
			);
			dependencies = (
				646197A82AA5A2A300354E26 /* PBXTargetDependency */,
			);
			name = calculator_swiftUIUITests;
			productName = calculator_swiftUIUITests;
			productReference = 646197A62AA5A2A300354E26 /* calculator_swiftUIUITests.xctest */;
			productType = "com.apple.product-type.bundle.ui-testing";
		};
/* End PBXNativeTarget section */

/* Begin PBXProject section */
		646197842AA5A2A100354E26 /* Project object */ = {
			isa = PBXProject;
			attributes = {
				BuildIndependentTargetsInParallel = 1;
				LastSwiftUpdateCheck = 1430;
				LastUpgradeCheck = 1430;
				TargetAttributes = {
					6461978B2AA5A2A100354E26 = {
						CreatedOnToolsVersion = 14.3.1;
					};
					6461979B2AA5A2A300354E26 = {
						CreatedOnToolsVersion = 14.3.1;
						TestTargetID = 6461978B2AA5A2A100354E26;
					};
					646197A52AA5A2A300354E26 = {
						CreatedOnToolsVersion = 14.3.1;
						TestTargetID = 6461978B2AA5A2A100354E26;
					};
				};
			};
			buildConfigurationList = 646197872AA5A2A100354E26 /* Build configuration list for PBXProject "calculator_swiftUI" */;
			compatibilityVersion = "Xcode 14.0";
			developmentRegion = en;
			hasScannedForEncodings = 0;
			knownRegions = (
				en,
				Base,
			);
			mainGroup = 646197832AA5A2A100354E26;
			productRefGroup = 6461978D2AA5A2A100354E26 /* Products */;
			projectDirPath = "";
			projectRoot = "";
			targets = (
				6461978B2AA5A2A100354E26 /* calculator_swiftUI */,
				6461979B2AA5A2A300354E26 /* calculator_swiftUITests */,
				646197A52AA5A2A300354E26 /* calculator_swiftUIUITests */,
			);
		};
/* End PBXProject section */

/* Begin PBXResourcesBuildPhase section */
		6461978A2AA5A2A100354E26 /* Resources */ = {
			isa = PBXResourcesBuildPhase;
			buildActionMask = 2147483647;
			files = (
				646197972AA5A2A200354E26 /* Preview Assets.xcassets in Resources */,
				646197942AA5A2A200354E26 /* Assets.xcassets in Resources */,
			);
			runOnlyForDeploymentPostprocessing = 0;
		};
		6461979A2AA5A2A300354E26 /* Resources */ = {
			isa = PBXResourcesBuildPhase;
			buildActionMask = 2147483647;
			files = (
			);
			runOnlyForDeploymentPostprocessing = 0;
		};
		646197A42AA5A2A300354E26 /* Resources */ = {
			isa = PBXResourcesBuildPhase;
			buildActionMask = 2147483647;
			files = (
			);
			runOnlyForDeploymentPostprocessing = 0;
		};
/* End PBXResourcesBuildPhase section */

/* Begin PBXSourcesBuildPhase section */
		646197882AA5A2A100354E26 /* Sources */ = {
			isa = PBXSourcesBuildPhase;
			buildActionMask = 2147483647;
			files = (
				646197922AA5A2A100354E26 /* ContentView.swift in Sources */,
				646197902AA5A2A100354E26 /* calculator_swiftUIApp.swift in Sources */,
			);
			runOnlyForDeploymentPostprocessing = 0;
		};
		646197982AA5A2A300354E26 /* Sources */ = {
			isa = PBXSourcesBuildPhase;
			buildActionMask = 2147483647;
			files = (
				646197A12AA5A2A300354E26 /* calculator_swiftUITests.swift in Sources */,
			);
			runOnlyForDeploymentPostprocessing = 0;
		};
		646197A22AA5A2A300354E26 /* Sources */ = {
			isa = PBXSourcesBuildPhase;
			buildActionMask = 2147483647;
			files = (
				646197AD2AA5A2A300354E26 /* calculator_swiftUIUITestsLaunchTests.swift in Sources */,
				646197AB2AA5A2A300354E26 /* calculator_swiftUIUITests.swift in Sources */,
			);
			runOnlyForDeploymentPostprocessing = 0;
		};
/* End PBXSourcesBuildPhase section */

/* Begin PBXTargetDependency section */
		6461979E2AA5A2A300354E26 /* PBXTargetDependency */ = {
			isa = PBXTargetDependency;
			target = 6461978B2AA5A2A100354E26 /* calculator_swiftUI */;
			targetProxy = 6461979D2AA5A2A300354E26 /* PBXContainerItemProxy */;
		};
		646197A82AA5A2A300354E26 /* PBXTargetDependency */ = {
			isa = PBXTargetDependency;
			target = 6461978B2AA5A2A100354E26 /* calculator_swiftUI */;
			targetProxy = 646197A72AA5A2A300354E26 /* PBXContainerItemProxy */;
		};
/* End PBXTargetDependency section */

/* Begin XCBuildConfiguration section */
		646197AE2AA5A2A300354E26 /* Debug */ = {
			isa = XCBuildConfiguration;
			buildSettings = {
				ALWAYS_SEARCH_USER_PATHS = NO;
				CLANG_ANALYZER_NONNULL = YES;
				CLANG_ANALYZER_NUMBER_OBJECT_CONVERSION = YES_AGGRESSIVE;
				CLANG_CXX_LANGUAGE_STANDARD = "gnu++20";
				CLANG_ENABLE_MODULES = YES;
				CLANG_ENABLE_OBJC_ARC = YES;
				CLANG_ENABLE_OBJC_WEAK = YES;
				CLANG_WARN_BLOCK_CAPTURE_AUTORELEASING = YES;
				CLANG_WARN_BOOL_CONVERSION = YES;
				CLANG_WARN_COMMA = YES;
				CLANG_WARN_CONSTANT_CONVERSION = YES;
				CLANG_WARN_DEPRECATED_OBJC_IMPLEMENTATIONS = YES;
				CLANG_WARN_DIRECT_OBJC_ISA_USAGE = YES_ERROR;
				CLANG_WARN_DOCUMENTATION_COMMENTS = YES;
				CLANG_WARN_EMPTY_BODY = YES;
				CLANG_WARN_ENUM_CONVERSION = YES;
				CLANG_WARN_INFINITE_RECURSION = YES;
				CLANG_WARN_INT_CONVERSION = YES;
				CLANG_WARN_NON_LITERAL_NULL_CONVERSION = YES;
				CLANG_WARN_OBJC_IMPLICIT_RETAIN_SELF = YES;
				CLANG_WARN_OBJC_LITERAL_CONVERSION = YES;
				CLANG_WARN_OBJC_ROOT_CLASS = YES_ERROR;
				CLANG_WARN_QUOTED_INCLUDE_IN_FRAMEWORK_HEADER = YES;
				CLANG_WARN_RANGE_LOOP_ANALYSIS = YES;
				CLANG_WARN_STRICT_PROTOTYPES = YES;
				CLANG_WARN_SUSPICIOUS_MOVE = YES;
				CLANG_WARN_UNGUARDED_AVAILABILITY = YES_AGGRESSIVE;
				CLANG_WARN_UNREACHABLE_CODE = YES;
				CLANG_WARN__DUPLICATE_METHOD_MATCH = YES;
				COPY_PHASE_STRIP = NO;
				DEBUG_INFORMATION_FORMAT = dwarf;
				ENABLE_STRICT_OBJC_MSGSEND = YES;
				ENABLE_TESTABILITY = YES;
				GCC_C_LANGUAGE_STANDARD = gnu11;
				GCC_DYNAMIC_NO_PIC = NO;
				GCC_NO_COMMON_BLOCKS = YES;
				GCC_OPTIMIZATION_LEVEL = 0;
				GCC_PREPROCESSOR_DEFINITIONS = (
					"DEBUG=1",
					"$(inherited)",
				);
				GCC_WARN_64_TO_32_BIT_CONVERSION = YES;
				GCC_WARN_ABOUT_RETURN_TYPE = YES_ERROR;
				GCC_WARN_UNDECLARED_SELECTOR = YES;
				GCC_WARN_UNINITIALIZED_AUTOS = YES_AGGRESSIVE;
				GCC_WARN_UNUSED_FUNCTION = YES;
				GCC_WARN_UNUSED_VARIABLE = YES;
				IPHONEOS_DEPLOYMENT_TARGET = 16.4;
				MTL_ENABLE_DEBUG_INFO = INCLUDE_SOURCE;
				MTL_FAST_MATH = YES;
				ONLY_ACTIVE_ARCH = YES;
				SDKROOT = iphoneos;
				SWIFT_ACTIVE_COMPILATION_CONDITIONS = DEBUG;
				SWIFT_OPTIMIZATION_LEVEL = "-Onone";
			};
			name = Debug;
		};
		646197AF2AA5A2A300354E26 /* Release */ = {
			isa = XCBuildConfiguration;
			buildSettings = {
				ALWAYS_SEARCH_USER_PATHS = NO;
				CLANG_ANALYZER_NONNULL = YES;
				CLANG_ANALYZER_NUMBER_OBJECT_CONVERSION = YES_AGGRESSIVE;
				CLANG_CXX_LANGUAGE_STANDARD = "gnu++20";
				CLANG_ENABLE_MODULES = YES;
				CLANG_ENABLE_OBJC_ARC = YES;
				CLANG_ENABLE_OBJC_WEAK = YES;
				CLANG_WARN_BLOCK_CAPTURE_AUTORELEASING = YES;
				CLANG_WARN_BOOL_CONVERSION = YES;
				CLANG_WARN_COMMA = YES;
				CLANG_WARN_CONSTANT_CONVERSION = YES;
				CLANG_WARN_DEPRECATED_OBJC_IMPLEMENTATIONS = YES;
				CLANG_WARN_DIRECT_OBJC_ISA_USAGE = YES_ERROR;
				CLANG_WARN_DOCUMENTATION_COMMENTS = YES;
				CLANG_WARN_EMPTY_BODY = YES;
				CLANG_WARN_ENUM_CONVERSION = YES;
				CLANG_WARN_INFINITE_RECURSION = YES;
				CLANG_WARN_INT_CONVERSION = YES;
				CLANG_WARN_NON_LITERAL_NULL_CONVERSION = YES;
				CLANG_WARN_OBJC_IMPLICIT_RETAIN_SELF = YES;
				CLANG_WARN_OBJC_LITERAL_CONVERSION = YES;
				CLANG_WARN_OBJC_ROOT_CLASS = YES_ERROR;
				CLANG_WARN_QUOTED_INCLUDE_IN_FRAMEWORK_HEADER = YES;
				CLANG_WARN_RANGE_LOOP_ANALYSIS = YES;
				CLANG_WARN_STRICT_PROTOTYPES = YES;
				CLANG_WARN_SUSPICIOUS_MOVE = YES;
				CLANG_WARN_UNGUARDED_AVAILABILITY = YES_AGGRESSIVE;
				CLANG_WARN_UNREACHABLE_CODE = YES;
				CLANG_WARN__DUPLICATE_METHOD_MATCH = YES;
				COPY_PHASE_STRIP = NO;
				DEBUG_INFORMATION_FORMAT = "dwarf-with-dsym";
				ENABLE_NS_ASSERTIONS = NO;
				ENABLE_STRICT_OBJC_MSGSEND = YES;
				GCC_C_LANGUAGE_STANDARD = gnu11;
				GCC_NO_COMMON_BLOCKS = YES;
				GCC_WARN_64_TO_32_BIT_CONVERSION = YES;
				GCC_WARN_ABOUT_RETURN_TYPE = YES_ERROR;
				GCC_WARN_UNDECLARED_SELECTOR = YES;
				GCC_WARN_UNINITIALIZED_AUTOS = YES_AGGRESSIVE;
				GCC_WARN_UNUSED_FUNCTION = YES;
				GCC_WARN_UNUSED_VARIABLE = YES;
				IPHONEOS_DEPLOYMENT_TARGET = 16.4;
				MTL_ENABLE_DEBUG_INFO = NO;
				MTL_FAST_MATH = YES;
				SDKROOT = iphoneos;
				SWIFT_COMPILATION_MODE = wholemodule;
				SWIFT_OPTIMIZATION_LEVEL = "-O";
				VALIDATE_PRODUCT = YES;
			};
			name = Release;
		};
		646197B12AA5A2A300354E26 /* Debug */ = {
			isa = XCBuildConfiguration;
			buildSettings = {
				ASSETCATALOG_COMPILER_APPICON_NAME = AppIcon;
				ASSETCATALOG_COMPILER_GLOBAL_ACCENT_COLOR_NAME = AccentColor;
				CODE_SIGN_STYLE = Automatic;
				CURRENT_PROJECT_VERSION = 1;
				DEVELOPMENT_ASSET_PATHS = "\"calculator_swiftUI/Preview Content\"";
				DEVELOPMENT_TEAM = 34RWWTZRHY;
				ENABLE_PREVIEWS = YES;
				GENERATE_INFOPLIST_FILE = YES;
				INFOPLIST_KEY_UIApplicationSceneManifest_Generation = YES;
				INFOPLIST_KEY_UIApplicationSupportsIndirectInputEvents = YES;
				INFOPLIST_KEY_UILaunchScreen_Generation = YES;
				INFOPLIST_KEY_UISupportedInterfaceOrientations_iPad = "UIInterfaceOrientationPortrait UIInterfaceOrientationPortraitUpsideDown UIInterfaceOrientationLandscapeLeft UIInterfaceOrientationLandscapeRight";
				INFOPLIST_KEY_UISupportedInterfaceOrientations_iPhone = "UIInterfaceOrientationPortrait UIInterfaceOrientationLandscapeLeft UIInterfaceOrientationLandscapeRight";
				LD_RUNPATH_SEARCH_PATHS = (
					"$(inherited)",
					"@executable_path/Frameworks",
				);
				MARKETING_VERSION = 1.0;
				PRODUCT_BUNDLE_IDENTIFIER = "asdasdasdasdasd.calculator-swiftUI";
				PRODUCT_NAME = "$(TARGET_NAME)";
				SWIFT_EMIT_LOC_STRINGS = YES;
				SWIFT_VERSION = 5.0;
				TARGETED_DEVICE_FAMILY = "1,2";
			};
			name = Debug;
		};
		646197B22AA5A2A300354E26 /* Release */ = {
			isa = XCBuildConfiguration;
			buildSettings = {
				ASSETCATALOG_COMPILER_APPICON_NAME = AppIcon;
				ASSETCATALOG_COMPILER_GLOBAL_ACCENT_COLOR_NAME = AccentColor;
				CODE_SIGN_STYLE = Automatic;
				CURRENT_PROJECT_VERSION = 1;
				DEVELOPMENT_ASSET_PATHS = "\"calculator_swiftUI/Preview Content\"";
				DEVELOPMENT_TEAM = 34RWWTZRHY;
				ENABLE_PREVIEWS = YES;
				GENERATE_INFOPLIST_FILE = YES;
				INFOPLIST_KEY_UIApplicationSceneManifest_Generation = YES;
				INFOPLIST_KEY_UIApplicationSupportsIndirectInputEvents = YES;
				INFOPLIST_KEY_UILaunchScreen_Generation = YES;
				INFOPLIST_KEY_UISupportedInterfaceOrientations_iPad = "UIInterfaceOrientationPortrait UIInterfaceOrientationPortraitUpsideDown UIInterfaceOrientationLandscapeLeft UIInterfaceOrientationLandscapeRight";
				INFOPLIST_KEY_UISupportedInterfaceOrientations_iPhone = "UIInterfaceOrientationPortrait UIInterfaceOrientationLandscapeLeft UIInterfaceOrientationLandscapeRight";
				LD_RUNPATH_SEARCH_PATHS = (
					"$(inherited)",
					"@executable_path/Frameworks",
				);
				MARKETING_VERSION = 1.0;
				PRODUCT_BUNDLE_IDENTIFIER = "asdasdasdasdasd.calculator-swiftUI";
				PRODUCT_NAME = "$(TARGET_NAME)";
				SWIFT_EMIT_LOC_STRINGS = YES;
				SWIFT_VERSION = 5.0;
				TARGETED_DEVICE_FAMILY = "1,2";
			};
			name = Release;
		};
		646197B42AA5A2A300354E26 /* Debug */ = {
			isa = XCBuildConfiguration;
			buildSettings = {
				ALWAYS_EMBED_SWIFT_STANDARD_LIBRARIES = YES;
				BUNDLE_LOADER = "$(TEST_HOST)";
				CODE_SIGN_STYLE = Automatic;
				CURRENT_PROJECT_VERSION = 1;
				DEVELOPMENT_TEAM = 34RWWTZRHY;
				GENERATE_INFOPLIST_FILE = YES;
				IPHONEOS_DEPLOYMENT_TARGET = 16.4;
				MARKETING_VERSION = 1.0;
				PRODUCT_BUNDLE_IDENTIFIER = "asdasdasdasdasd.calculator-swiftUITests";
				PRODUCT_NAME = "$(TARGET_NAME)";
				SWIFT_EMIT_LOC_STRINGS = NO;
				SWIFT_VERSION = 5.0;
				TARGETED_DEVICE_FAMILY = "1,2";
				TEST_HOST = "$(BUILT_PRODUCTS_DIR)/calculator_swiftUI.app/$(BUNDLE_EXECUTABLE_FOLDER_PATH)/calculator_swiftUI";
			};
			name = Debug;
		};
		646197B52AA5A2A300354E26 /* Release */ = {
			isa = XCBuildConfiguration;
			buildSettings = {
				ALWAYS_EMBED_SWIFT_STANDARD_LIBRARIES = YES;
				BUNDLE_LOADER = "$(TEST_HOST)";
				CODE_SIGN_STYLE = Automatic;
				CURRENT_PROJECT_VERSION = 1;
				DEVELOPMENT_TEAM = 34RWWTZRHY;
				GENERATE_INFOPLIST_FILE = YES;
				IPHONEOS_DEPLOYMENT_TARGET = 16.4;
				MARKETING_VERSION = 1.0;
				PRODUCT_BUNDLE_IDENTIFIER = "asdasdasdasdasd.calculator-swiftUITests";
				PRODUCT_NAME = "$(TARGET_NAME)";
				SWIFT_EMIT_LOC_STRINGS = NO;
				SWIFT_VERSION = 5.0;
				TARGETED_DEVICE_FAMILY = "1,2";
				TEST_HOST = "$(BUILT_PRODUCTS_DIR)/calculator_swiftUI.app/$(BUNDLE_EXECUTABLE_FOLDER_PATH)/calculator_swiftUI";
			};
			name = Release;
		};
		646197B72AA5A2A300354E26 /* Debug */ = {
			isa = XCBuildConfiguration;
			buildSettings = {
				ALWAYS_EMBED_SWIFT_STANDARD_LIBRARIES = YES;
				CODE_SIGN_STYLE = Automatic;
				CURRENT_PROJECT_VERSION = 1;
				DEVELOPMENT_TEAM = 34RWWTZRHY;
				GENERATE_INFOPLIST_FILE = YES;
				MARKETING_VERSION = 1.0;
				PRODUCT_BUNDLE_IDENTIFIER = "asdasdasdasdasd.calculator-swiftUIUITests";
				PRODUCT_NAME = "$(TARGET_NAME)";
				SWIFT_EMIT_LOC_STRINGS = NO;
				SWIFT_VERSION = 5.0;
				TARGETED_DEVICE_FAMILY = "1,2";
				TEST_TARGET_NAME = calculator_swiftUI;
			};
			name = Debug;
		};
		646197B82AA5A2A300354E26 /* Release */ = {
			isa = XCBuildConfiguration;
			buildSettings = {
				ALWAYS_EMBED_SWIFT_STANDARD_LIBRARIES = YES;
				CODE_SIGN_STYLE = Automatic;
				CURRENT_PROJECT_VERSION = 1;
				DEVELOPMENT_TEAM = 34RWWTZRHY;
				GENERATE_INFOPLIST_FILE = YES;
				MARKETING_VERSION = 1.0;
				PRODUCT_BUNDLE_IDENTIFIER = "asdasdasdasdasd.calculator-swiftUIUITests";
				PRODUCT_NAME = "$(TARGET_NAME)";
				SWIFT_EMIT_LOC_STRINGS = NO;
				SWIFT_VERSION = 5.0;
				TARGETED_DEVICE_FAMILY = "1,2";
				TEST_TARGET_NAME = calculator_swiftUI;
			};
			name = Release;
		};
/* End XCBuildConfiguration section */

/* Begin XCConfigurationList section */
		646197872AA5A2A100354E26 /* Build configuration list for PBXProject "calculator_swiftUI" */ = {
			isa = XCConfigurationList;
			buildConfigurations = (
				646197AE2AA5A2A300354E26 /* Debug */,
				646197AF2AA5A2A300354E26 /* Release */,
			);
			defaultConfigurationIsVisible = 0;
			defaultConfigurationName = Release;
		};
		646197B02AA5A2A300354E26 /* Build configuration list for PBXNativeTarget "calculator_swiftUI" */ = {
			isa = XCConfigurationList;
			buildConfigurations = (
				646197B12AA5A2A300354E26 /* Debug */,
				646197B22AA5A2A300354E26 /* Release */,
			);
			defaultConfigurationIsVisible = 0;
			defaultConfigurationName = Release;
		};
		646197B32AA5A2A300354E26 /* Build configuration list for PBXNativeTarget "calculator_swiftUITests" */ = {
			isa = XCConfigurationList;
			buildConfigurations = (
				646197B42AA5A2A300354E26 /* Debug */,
				646197B52AA5A2A300354E26 /* Release */,
			);
			defaultConfigurationIsVisible = 0;
			defaultConfigurationName = Release;
		};
		646197B62AA5A2A300354E26 /* Build configuration list for PBXNativeTarget "calculator_swiftUIUITests" */ = {
			isa = XCConfigurationList;
			buildConfigurations = (
				646197B72AA5A2A300354E26 /* Debug */,
				646197B82AA5A2A300354E26 /* Release */,
			);
			defaultConfigurationIsVisible = 0;
			defaultConfigurationName = Release;
		};
/* End XCConfigurationList section */
	};
	rootObject = 646197842AA5A2A100354E26 /* Project object */;
}
