// !$*UTF8*$!
{
	archiveVersion = 1;
	classes = {
	};
	objectVersion = 56;
	objects = {

/* Begin PBXBuildFile section */
		641DDE8F2AAC8AFD0011729A /* torobyswiftUIApp.swift in Sources */ = {isa = PBXBuildFile; fileRef = 641DDE8E2AAC8AFD0011729A /* torobyswiftUIApp.swift */; };
		641DDE912AAC8AFD0011729A /* ContentView.swift in Sources */ = {isa = PBXBuildFile; fileRef = 641DDE902AAC8AFD0011729A /* ContentView.swift */; };
		641DDE932AAC8AFE0011729A /* Assets.xcassets in Resources */ = {isa = PBXBuildFile; fileRef = 641DDE922AAC8AFE0011729A /* Assets.xcassets */; };
		641DDE962AAC8AFE0011729A /* Preview Assets.xcassets in Resources */ = {isa = PBXBuildFile; fileRef = 641DDE952AAC8AFE0011729A /* Preview Assets.xcassets */; };
		641DDEA02AAC8AFE0011729A /* torobyswiftUITests.swift in Sources */ = {isa = PBXBuildFile; fileRef = 641DDE9F2AAC8AFE0011729A /* torobyswiftUITests.swift */; };
		641DDEAA2AAC8AFE0011729A /* torobyswiftUIUITests.swift in Sources */ = {isa = PBXBuildFile; fileRef = 641DDEA92AAC8AFE0011729A /* torobyswiftUIUITests.swift */; };
		641DDEAC2AAC8AFE0011729A /* torobyswiftUIUITestsLaunchTests.swift in Sources */ = {isa = PBXBuildFile; fileRef = 641DDEAB2AAC8AFE0011729A /* torobyswiftUIUITestsLaunchTests.swift */; };
/* End PBXBuildFile section */

/* Begin PBXContainerItemProxy section */
		641DDE9C2AAC8AFE0011729A /* PBXContainerItemProxy */ = {
			isa = PBXContainerItemProxy;
			containerPortal = 641DDE832AAC8AFD0011729A /* Project object */;
			proxyType = 1;
			remoteGlobalIDString = 641DDE8A2AAC8AFD0011729A;
			remoteInfo = torobyswiftUI;
		};
		641DDEA62AAC8AFE0011729A /* PBXContainerItemProxy */ = {
			isa = PBXContainerItemProxy;
			containerPortal = 641DDE832AAC8AFD0011729A /* Project object */;
			proxyType = 1;
			remoteGlobalIDString = 641DDE8A2AAC8AFD0011729A;
			remoteInfo = torobyswiftUI;
		};
/* End PBXContainerItemProxy section */

/* Begin PBXFileReference section */
		641DDE8B2AAC8AFD0011729A /* torobyswiftUI.app */ = {isa = PBXFileReference; explicitFileType = wrapper.application; includeInIndex = 0; path = torobyswiftUI.app; sourceTree = BUILT_PRODUCTS_DIR; };
		641DDE8E2AAC8AFD0011729A /* torobyswiftUIApp.swift */ = {isa = PBXFileReference; lastKnownFileType = sourcecode.swift; path = torobyswiftUIApp.swift; sourceTree = "<group>"; };
		641DDE902AAC8AFD0011729A /* ContentView.swift */ = {isa = PBXFileReference; lastKnownFileType = sourcecode.swift; path = ContentView.swift; sourceTree = "<group>"; };
		641DDE922AAC8AFE0011729A /* Assets.xcassets */ = {isa = PBXFileReference; lastKnownFileType = folder.assetcatalog; path = Assets.xcassets; sourceTree = "<group>"; };
		641DDE952AAC8AFE0011729A /* Preview Assets.xcassets */ = {isa = PBXFileReference; lastKnownFileType = folder.assetcatalog; path = "Preview Assets.xcassets"; sourceTree = "<group>"; };
		641DDE9B2AAC8AFE0011729A /* torobyswiftUITests.xctest */ = {isa = PBXFileReference; explicitFileType = wrapper.cfbundle; includeInIndex = 0; path = torobyswiftUITests.xctest; sourceTree = BUILT_PRODUCTS_DIR; };
		641DDE9F2AAC8AFE0011729A /* torobyswiftUITests.swift */ = {isa = PBXFileReference; lastKnownFileType = sourcecode.swift; path = torobyswiftUITests.swift; sourceTree = "<group>"; };
		641DDEA52AAC8AFE0011729A /* torobyswiftUIUITests.xctest */ = {isa = PBXFileReference; explicitFileType = wrapper.cfbundle; includeInIndex = 0; path = torobyswiftUIUITests.xctest; sourceTree = BUILT_PRODUCTS_DIR; };
		641DDEA92AAC8AFE0011729A /* torobyswiftUIUITests.swift */ = {isa = PBXFileReference; lastKnownFileType = sourcecode.swift; path = torobyswiftUIUITests.swift; sourceTree = "<group>"; };
		641DDEAB2AAC8AFE0011729A /* torobyswiftUIUITestsLaunchTests.swift */ = {isa = PBXFileReference; lastKnownFileType = sourcecode.swift; path = torobyswiftUIUITestsLaunchTests.swift; sourceTree = "<group>"; };
/* End PBXFileReference section */

/* Begin PBXFrameworksBuildPhase section */
		641DDE882AAC8AFD0011729A /* Frameworks */ = {
			isa = PBXFrameworksBuildPhase;
			buildActionMask = 2147483647;
			files = (
			);
			runOnlyForDeploymentPostprocessing = 0;
		};
		641DDE982AAC8AFE0011729A /* Frameworks */ = {
			isa = PBXFrameworksBuildPhase;
			buildActionMask = 2147483647;
			files = (
			);
			runOnlyForDeploymentPostprocessing = 0;
		};
		641DDEA22AAC8AFE0011729A /* Frameworks */ = {
			isa = PBXFrameworksBuildPhase;
			buildActionMask = 2147483647;
			files = (
			);
			runOnlyForDeploymentPostprocessing = 0;
		};
/* End PBXFrameworksBuildPhase section */

/* Begin PBXGroup section */
		641DDE822AAC8AFD0011729A = {
			isa = PBXGroup;
			children = (
				641DDE8D2AAC8AFD0011729A /* torobyswiftUI */,
				641DDE9E2AAC8AFE0011729A /* torobyswiftUITests */,
				641DDEA82AAC8AFE0011729A /* torobyswiftUIUITests */,
				641DDE8C2AAC8AFD0011729A /* Products */,
			);
			sourceTree = "<group>";
		};
		641DDE8C2AAC8AFD0011729A /* Products */ = {
			isa = PBXGroup;
			children = (
				641DDE8B2AAC8AFD0011729A /* torobyswiftUI.app */,
				641DDE9B2AAC8AFE0011729A /* torobyswiftUITests.xctest */,
				641DDEA52AAC8AFE0011729A /* torobyswiftUIUITests.xctest */,
			);
			name = Products;
			sourceTree = "<group>";
		};
		641DDE8D2AAC8AFD0011729A /* torobyswiftUI */ = {
			isa = PBXGroup;
			children = (
				641DDE8E2AAC8AFD0011729A /* torobyswiftUIApp.swift */,
				641DDE902AAC8AFD0011729A /* ContentView.swift */,
				641DDE922AAC8AFE0011729A /* Assets.xcassets */,
				641DDE942AAC8AFE0011729A /* Preview Content */,
			);
			path = torobyswiftUI;
			sourceTree = "<group>";
		};
		641DDE942AAC8AFE0011729A /* Preview Content */ = {
			isa = PBXGroup;
			children = (
				641DDE952AAC8AFE0011729A /* Preview Assets.xcassets */,
			);
			path = "Preview Content";
			sourceTree = "<group>";
		};
		641DDE9E2AAC8AFE0011729A /* torobyswiftUITests */ = {
			isa = PBXGroup;
			children = (
				641DDE9F2AAC8AFE0011729A /* torobyswiftUITests.swift */,
			);
			path = torobyswiftUITests;
			sourceTree = "<group>";
		};
		641DDEA82AAC8AFE0011729A /* torobyswiftUIUITests */ = {
			isa = PBXGroup;
			children = (
				641DDEA92AAC8AFE0011729A /* torobyswiftUIUITests.swift */,
				641DDEAB2AAC8AFE0011729A /* torobyswiftUIUITestsLaunchTests.swift */,
			);
			path = torobyswiftUIUITests;
			sourceTree = "<group>";
		};
/* End PBXGroup section */

/* Begin PBXNativeTarget section */
		641DDE8A2AAC8AFD0011729A /* torobyswiftUI */ = {
			isa = PBXNativeTarget;
			buildConfigurationList = 641DDEAF2AAC8AFE0011729A /* Build configuration list for PBXNativeTarget "torobyswiftUI" */;
			buildPhases = (
				641DDE872AAC8AFD0011729A /* Sources */,
				641DDE882AAC8AFD0011729A /* Frameworks */,
				641DDE892AAC8AFD0011729A /* Resources */,
			);
			buildRules = (
			);
			dependencies = (
			);
			name = torobyswiftUI;
			productName = torobyswiftUI;
			productReference = 641DDE8B2AAC8AFD0011729A /* torobyswiftUI.app */;
			productType = "com.apple.product-type.application";
		};
		641DDE9A2AAC8AFE0011729A /* torobyswiftUITests */ = {
			isa = PBXNativeTarget;
			buildConfigurationList = 641DDEB22AAC8AFE0011729A /* Build configuration list for PBXNativeTarget "torobyswiftUITests" */;
			buildPhases = (
				641DDE972AAC8AFE0011729A /* Sources */,
				641DDE982AAC8AFE0011729A /* Frameworks */,
				641DDE992AAC8AFE0011729A /* Resources */,
			);
			buildRules = (
			);
			dependencies = (
				641DDE9D2AAC8AFE0011729A /* PBXTargetDependency */,
			);
			name = torobyswiftUITests;
			productName = torobyswiftUITests;
			productReference = 641DDE9B2AAC8AFE0011729A /* torobyswiftUITests.xctest */;
			productType = "com.apple.product-type.bundle.unit-test";
		};
		641DDEA42AAC8AFE0011729A /* torobyswiftUIUITests */ = {
			isa = PBXNativeTarget;
			buildConfigurationList = 641DDEB52AAC8AFE0011729A /* Build configuration list for PBXNativeTarget "torobyswiftUIUITests" */;
			buildPhases = (
				641DDEA12AAC8AFE0011729A /* Sources */,
				641DDEA22AAC8AFE0011729A /* Frameworks */,
				641DDEA32AAC8AFE0011729A /* Resources */,
			);
			buildRules = (
			);
			dependencies = (
				641DDEA72AAC8AFE0011729A /* PBXTargetDependency */,
			);
			name = torobyswiftUIUITests;
			productName = torobyswiftUIUITests;
			productReference = 641DDEA52AAC8AFE0011729A /* torobyswiftUIUITests.xctest */;
			productType = "com.apple.product-type.bundle.ui-testing";
		};
/* End PBXNativeTarget section */

/* Begin PBXProject section */
		641DDE832AAC8AFD0011729A /* Project object */ = {
			isa = PBXProject;
			attributes = {
				BuildIndependentTargetsInParallel = 1;
				LastSwiftUpdateCheck = 1430;
				LastUpgradeCheck = 1430;
				TargetAttributes = {
					641DDE8A2AAC8AFD0011729A = {
						CreatedOnToolsVersion = 14.3.1;
					};
					641DDE9A2AAC8AFE0011729A = {
						CreatedOnToolsVersion = 14.3.1;
						TestTargetID = 641DDE8A2AAC8AFD0011729A;
					};
					641DDEA42AAC8AFE0011729A = {
						CreatedOnToolsVersion = 14.3.1;
						TestTargetID = 641DDE8A2AAC8AFD0011729A;
					};
				};
			};
			buildConfigurationList = 641DDE862AAC8AFD0011729A /* Build configuration list for PBXProject "torobyswiftUI" */;
			compatibilityVersion = "Xcode 14.0";
			developmentRegion = en;
			hasScannedForEncodings = 0;
			knownRegions = (
				en,
				Base,
			);
			mainGroup = 641DDE822AAC8AFD0011729A;
			productRefGroup = 641DDE8C2AAC8AFD0011729A /* Products */;
			projectDirPath = "";
			projectRoot = "";
			targets = (
				641DDE8A2AAC8AFD0011729A /* torobyswiftUI */,
				641DDE9A2AAC8AFE0011729A /* torobyswiftUITests */,
				641DDEA42AAC8AFE0011729A /* torobyswiftUIUITests */,
			);
		};
/* End PBXProject section */

/* Begin PBXResourcesBuildPhase section */
		641DDE892AAC8AFD0011729A /* Resources */ = {
			isa = PBXResourcesBuildPhase;
			buildActionMask = 2147483647;
			files = (
				641DDE962AAC8AFE0011729A /* Preview Assets.xcassets in Resources */,
				641DDE932AAC8AFE0011729A /* Assets.xcassets in Resources */,
			);
			runOnlyForDeploymentPostprocessing = 0;
		};
		641DDE992AAC8AFE0011729A /* Resources */ = {
			isa = PBXResourcesBuildPhase;
			buildActionMask = 2147483647;
			files = (
			);
			runOnlyForDeploymentPostprocessing = 0;
		};
		641DDEA32AAC8AFE0011729A /* Resources */ = {
			isa = PBXResourcesBuildPhase;
			buildActionMask = 2147483647;
			files = (
			);
			runOnlyForDeploymentPostprocessing = 0;
		};
/* End PBXResourcesBuildPhase section */

/* Begin PBXSourcesBuildPhase section */
		641DDE872AAC8AFD0011729A /* Sources */ = {
			isa = PBXSourcesBuildPhase;
			buildActionMask = 2147483647;
			files = (
				641DDE912AAC8AFD0011729A /* ContentView.swift in Sources */,
				641DDE8F2AAC8AFD0011729A /* torobyswiftUIApp.swift in Sources */,
			);
			runOnlyForDeploymentPostprocessing = 0;
		};
		641DDE972AAC8AFE0011729A /* Sources */ = {
			isa = PBXSourcesBuildPhase;
			buildActionMask = 2147483647;
			files = (
				641DDEA02AAC8AFE0011729A /* torobyswiftUITests.swift in Sources */,
			);
			runOnlyForDeploymentPostprocessing = 0;
		};
		641DDEA12AAC8AFE0011729A /* Sources */ = {
			isa = PBXSourcesBuildPhase;
			buildActionMask = 2147483647;
			files = (
				641DDEAA2AAC8AFE0011729A /* torobyswiftUIUITests.swift in Sources */,
				641DDEAC2AAC8AFE0011729A /* torobyswiftUIUITestsLaunchTests.swift in Sources */,
			);
			runOnlyForDeploymentPostprocessing = 0;
		};
/* End PBXSourcesBuildPhase section */

/* Begin PBXTargetDependency section */
		641DDE9D2AAC8AFE0011729A /* PBXTargetDependency */ = {
			isa = PBXTargetDependency;
			target = 641DDE8A2AAC8AFD0011729A /* torobyswiftUI */;
			targetProxy = 641DDE9C2AAC8AFE0011729A /* PBXContainerItemProxy */;
		};
		641DDEA72AAC8AFE0011729A /* PBXTargetDependency */ = {
			isa = PBXTargetDependency;
			target = 641DDE8A2AAC8AFD0011729A /* torobyswiftUI */;
			targetProxy = 641DDEA62AAC8AFE0011729A /* PBXContainerItemProxy */;
		};
/* End PBXTargetDependency section */

/* Begin XCBuildConfiguration section */
		641DDEAD2AAC8AFE0011729A /* Debug */ = {
			isa = XCBuildConfiguration;
			buildSettings = {
				ALWAYS_SEARCH_USER_PATHS = NO;
				CLANG_ANALYZER_NONNULL = YES;
				CLANG_ANALYZER_NUMBER_OBJECT_CONVERSION = YES_AGGRESSIVE;
				CLANG_CXX_LANGUAGE_STANDARD = "gnu++20";
				CLANG_ENABLE_MODULES = YES;
				CLANG_ENABLE_OBJC_ARC = YES;
				CLANG_ENABLE_OBJC_WEAK = YES;
				CLANG_WARN_BLOCK_CAPTURE_AUTORELEASING = YES;
				CLANG_WARN_BOOL_CONVERSION = YES;
				CLANG_WARN_COMMA = YES;
				CLANG_WARN_CONSTANT_CONVERSION = YES;
				CLANG_WARN_DEPRECATED_OBJC_IMPLEMENTATIONS = YES;
				CLANG_WARN_DIRECT_OBJC_ISA_USAGE = YES_ERROR;
				CLANG_WARN_DOCUMENTATION_COMMENTS = YES;
				CLANG_WARN_EMPTY_BODY = YES;
				CLANG_WARN_ENUM_CONVERSION = YES;
				CLANG_WARN_INFINITE_RECURSION = YES;
				CLANG_WARN_INT_CONVERSION = YES;
				CLANG_WARN_NON_LITERAL_NULL_CONVERSION = YES;
				CLANG_WARN_OBJC_IMPLICIT_RETAIN_SELF = YES;
				CLANG_WARN_OBJC_LITERAL_CONVERSION = YES;
				CLANG_WARN_OBJC_ROOT_CLASS = YES_ERROR;
				CLANG_WARN_QUOTED_INCLUDE_IN_FRAMEWORK_HEADER = YES;
				CLANG_WARN_RANGE_LOOP_ANALYSIS = YES;
				CLANG_WARN_STRICT_PROTOTYPES = YES;
				CLANG_WARN_SUSPICIOUS_MOVE = YES;
				CLANG_WARN_UNGUARDED_AVAILABILITY = YES_AGGRESSIVE;
				CLANG_WARN_UNREACHABLE_CODE = YES;
				CLANG_WARN__DUPLICATE_METHOD_MATCH = YES;
				COPY_PHASE_STRIP = NO;
				DEBUG_INFORMATION_FORMAT = dwarf;
				ENABLE_STRICT_OBJC_MSGSEND = YES;
				ENABLE_TESTABILITY = YES;
				GCC_C_LANGUAGE_STANDARD = gnu11;
				GCC_DYNAMIC_NO_PIC = NO;
				GCC_NO_COMMON_BLOCKS = YES;
				GCC_OPTIMIZATION_LEVEL = 0;
				GCC_PREPROCESSOR_DEFINITIONS = (
					"DEBUG=1",
					"$(inherited)",
				);
				GCC_WARN_64_TO_32_BIT_CONVERSION = YES;
				GCC_WARN_ABOUT_RETURN_TYPE = YES_ERROR;
				GCC_WARN_UNDECLARED_SELECTOR = YES;
				GCC_WARN_UNINITIALIZED_AUTOS = YES_AGGRESSIVE;
				GCC_WARN_UNUSED_FUNCTION = YES;
				GCC_WARN_UNUSED_VARIABLE = YES;
				IPHONEOS_DEPLOYMENT_TARGET = 16.4;
				MTL_ENABLE_DEBUG_INFO = INCLUDE_SOURCE;
				MTL_FAST_MATH = YES;
				ONLY_ACTIVE_ARCH = YES;
				SDKROOT = iphoneos;
				SWIFT_ACTIVE_COMPILATION_CONDITIONS = DEBUG;
				SWIFT_OPTIMIZATION_LEVEL = "-Onone";
			};
			name = Debug;
		};
		641DDEAE2AAC8AFE0011729A /* Release */ = {
			isa = XCBuildConfiguration;
			buildSettings = {
				ALWAYS_SEARCH_USER_PATHS = NO;
				CLANG_ANALYZER_NONNULL = YES;
				CLANG_ANALYZER_NUMBER_OBJECT_CONVERSION = YES_AGGRESSIVE;
				CLANG_CXX_LANGUAGE_STANDARD = "gnu++20";
				CLANG_ENABLE_MODULES = YES;
				CLANG_ENABLE_OBJC_ARC = YES;
				CLANG_ENABLE_OBJC_WEAK = YES;
				CLANG_WARN_BLOCK_CAPTURE_AUTORELEASING = YES;
				CLANG_WARN_BOOL_CONVERSION = YES;
				CLANG_WARN_COMMA = YES;
				CLANG_WARN_CONSTANT_CONVERSION = YES;
				CLANG_WARN_DEPRECATED_OBJC_IMPLEMENTATIONS = YES;
				CLANG_WARN_DIRECT_OBJC_ISA_USAGE = YES_ERROR;
				CLANG_WARN_DOCUMENTATION_COMMENTS = YES;
				CLANG_WARN_EMPTY_BODY = YES;
				CLANG_WARN_ENUM_CONVERSION = YES;
				CLANG_WARN_INFINITE_RECURSION = YES;
				CLANG_WARN_INT_CONVERSION = YES;
				CLANG_WARN_NON_LITERAL_NULL_CONVERSION = YES;
				CLANG_WARN_OBJC_IMPLICIT_RETAIN_SELF = YES;
				CLANG_WARN_OBJC_LITERAL_CONVERSION = YES;
				CLANG_WARN_OBJC_ROOT_CLASS = YES_ERROR;
				CLANG_WARN_QUOTED_INCLUDE_IN_FRAMEWORK_HEADER = YES;
				CLANG_WARN_RANGE_LOOP_ANALYSIS = YES;
				CLANG_WARN_STRICT_PROTOTYPES = YES;
				CLANG_WARN_SUSPICIOUS_MOVE = YES;
				CLANG_WARN_UNGUARDED_AVAILABILITY = YES_AGGRESSIVE;
				CLANG_WARN_UNREACHABLE_CODE = YES;
				CLANG_WARN__DUPLICATE_METHOD_MATCH = YES;
				COPY_PHASE_STRIP = NO;
				DEBUG_INFORMATION_FORMAT = "dwarf-with-dsym";
				ENABLE_NS_ASSERTIONS = NO;
				ENABLE_STRICT_OBJC_MSGSEND = YES;
				GCC_C_LANGUAGE_STANDARD = gnu11;
				GCC_NO_COMMON_BLOCKS = YES;
				GCC_WARN_64_TO_32_BIT_CONVERSION = YES;
				GCC_WARN_ABOUT_RETURN_TYPE = YES_ERROR;
				GCC_WARN_UNDECLARED_SELECTOR = YES;
				GCC_WARN_UNINITIALIZED_AUTOS = YES_AGGRESSIVE;
				GCC_WARN_UNUSED_FUNCTION = YES;
				GCC_WARN_UNUSED_VARIABLE = YES;
				IPHONEOS_DEPLOYMENT_TARGET = 16.4;
				MTL_ENABLE_DEBUG_INFO = NO;
				MTL_FAST_MATH = YES;
				SDKROOT = iphoneos;
				SWIFT_COMPILATION_MODE = wholemodule;
				SWIFT_OPTIMIZATION_LEVEL = "-O";
				VALIDATE_PRODUCT = YES;
			};
			name = Release;
		};
		641DDEB02AAC8AFE0011729A /* Debug */ = {
			isa = XCBuildConfiguration;
			buildSettings = {
				ASSETCATALOG_COMPILER_APPICON_NAME = AppIcon;
				ASSETCATALOG_COMPILER_GLOBAL_ACCENT_COLOR_NAME = AccentColor;
				CODE_SIGN_STYLE = Automatic;
				CURRENT_PROJECT_VERSION = 1;
				DEVELOPMENT_ASSET_PATHS = "\"torobyswiftUI/Preview Content\"";
				DEVELOPMENT_TEAM = 34RWWTZRHY;
				ENABLE_PREVIEWS = YES;
				GENERATE_INFOPLIST_FILE = YES;
				INFOPLIST_KEY_UIApplicationSceneManifest_Generation = YES;
				INFOPLIST_KEY_UIApplicationSupportsIndirectInputEvents = YES;
				INFOPLIST_KEY_UILaunchScreen_Generation = YES;
				INFOPLIST_KEY_UISupportedInterfaceOrientations_iPad = "UIInterfaceOrientationPortrait UIInterfaceOrientationPortraitUpsideDown UIInterfaceOrientationLandscapeLeft UIInterfaceOrientationLandscapeRight";
				INFOPLIST_KEY_UISupportedInterfaceOrientations_iPhone = "UIInterfaceOrientationPortrait UIInterfaceOrientationLandscapeLeft UIInterfaceOrientationLandscapeRight";
				LD_RUNPATH_SEARCH_PATHS = (
					"$(inherited)",
					"@executable_path/Frameworks",
				);
				MARKETING_VERSION = 1.0;
				PRODUCT_BUNDLE_IDENTIFIER = asdasdasdasdasd.torobyswiftUI;
				PRODUCT_NAME = "$(TARGET_NAME)";
				SWIFT_EMIT_LOC_STRINGS = YES;
				SWIFT_VERSION = 5.0;
				TARGETED_DEVICE_FAMILY = "1,2";
			};
			name = Debug;
		};
		641DDEB12AAC8AFE0011729A /* Release */ = {
			isa = XCBuildConfiguration;
			buildSettings = {
				ASSETCATALOG_COMPILER_APPICON_NAME = AppIcon;
				ASSETCATALOG_COMPILER_GLOBAL_ACCENT_COLOR_NAME = AccentColor;
				CODE_SIGN_STYLE = Automatic;
				CURRENT_PROJECT_VERSION = 1;
				DEVELOPMENT_ASSET_PATHS = "\"torobyswiftUI/Preview Content\"";
				DEVELOPMENT_TEAM = 34RWWTZRHY;
				ENABLE_PREVIEWS = YES;
				GENERATE_INFOPLIST_FILE = YES;
				INFOPLIST_KEY_UIApplicationSceneManifest_Generation = YES;
				INFOPLIST_KEY_UIApplicationSupportsIndirectInputEvents = YES;
				INFOPLIST_KEY_UILaunchScreen_Generation = YES;
				INFOPLIST_KEY_UISupportedInterfaceOrientations_iPad = "UIInterfaceOrientationPortrait UIInterfaceOrientationPortraitUpsideDown UIInterfaceOrientationLandscapeLeft UIInterfaceOrientationLandscapeRight";
				INFOPLIST_KEY_UISupportedInterfaceOrientations_iPhone = "UIInterfaceOrientationPortrait UIInterfaceOrientationLandscapeLeft UIInterfaceOrientationLandscapeRight";
				LD_RUNPATH_SEARCH_PATHS = (
					"$(inherited)",
					"@executable_path/Frameworks",
				);
				MARKETING_VERSION = 1.0;
				PRODUCT_BUNDLE_IDENTIFIER = asdasdasdasdasd.torobyswiftUI;
				PRODUCT_NAME = "$(TARGET_NAME)";
				SWIFT_EMIT_LOC_STRINGS = YES;
				SWIFT_VERSION = 5.0;
				TARGETED_DEVICE_FAMILY = "1,2";
			};
			name = Release;
		};
		641DDEB32AAC8AFE0011729A /* Debug */ = {
			isa = XCBuildConfiguration;
			buildSettings = {
				ALWAYS_EMBED_SWIFT_STANDARD_LIBRARIES = YES;
				BUNDLE_LOADER = "$(TEST_HOST)";
				CODE_SIGN_STYLE = Automatic;
				CURRENT_PROJECT_VERSION = 1;
				DEVELOPMENT_TEAM = 34RWWTZRHY;
				GENERATE_INFOPLIST_FILE = YES;
				IPHONEOS_DEPLOYMENT_TARGET = 16.4;
				MARKETING_VERSION = 1.0;
				PRODUCT_BUNDLE_IDENTIFIER = asdasdasdasdasd.torobyswiftUITests;
				PRODUCT_NAME = "$(TARGET_NAME)";
				SWIFT_EMIT_LOC_STRINGS = NO;
				SWIFT_VERSION = 5.0;
				TARGETED_DEVICE_FAMILY = "1,2";
				TEST_HOST = "$(BUILT_PRODUCTS_DIR)/torobyswiftUI.app/$(BUNDLE_EXECUTABLE_FOLDER_PATH)/torobyswiftUI";
			};
			name = Debug;
		};
		641DDEB42AAC8AFE0011729A /* Release */ = {
			isa = XCBuildConfiguration;
			buildSettings = {
				ALWAYS_EMBED_SWIFT_STANDARD_LIBRARIES = YES;
				BUNDLE_LOADER = "$(TEST_HOST)";
				CODE_SIGN_STYLE = Automatic;
				CURRENT_PROJECT_VERSION = 1;
				DEVELOPMENT_TEAM = 34RWWTZRHY;
				GENERATE_INFOPLIST_FILE = YES;
				IPHONEOS_DEPLOYMENT_TARGET = 16.4;
				MARKETING_VERSION = 1.0;
				PRODUCT_BUNDLE_IDENTIFIER = asdasdasdasdasd.torobyswiftUITests;
				PRODUCT_NAME = "$(TARGET_NAME)";
				SWIFT_EMIT_LOC_STRINGS = NO;
				SWIFT_VERSION = 5.0;
				TARGETED_DEVICE_FAMILY = "1,2";
				TEST_HOST = "$(BUILT_PRODUCTS_DIR)/torobyswiftUI.app/$(BUNDLE_EXECUTABLE_FOLDER_PATH)/torobyswiftUI";
			};
			name = Release;
		};
		641DDEB62AAC8AFE0011729A /* Debug */ = {
			isa = XCBuildConfiguration;
			buildSettings = {
				ALWAYS_EMBED_SWIFT_STANDARD_LIBRARIES = YES;
				CODE_SIGN_STYLE = Automatic;
				CURRENT_PROJECT_VERSION = 1;
				DEVELOPMENT_TEAM = 34RWWTZRHY;
				GENERATE_INFOPLIST_FILE = YES;
				MARKETING_VERSION = 1.0;
				PRODUCT_BUNDLE_IDENTIFIER = asdasdasdasdasd.torobyswiftUIUITests;
				PRODUCT_NAME = "$(TARGET_NAME)";
				SWIFT_EMIT_LOC_STRINGS = NO;
				SWIFT_VERSION = 5.0;
				TARGETED_DEVICE_FAMILY = "1,2";
				TEST_TARGET_NAME = torobyswiftUI;
			};
			name = Debug;
		};
		641DDEB72AAC8AFE0011729A /* Release */ = {
			isa = XCBuildConfiguration;
			buildSettings = {
				ALWAYS_EMBED_SWIFT_STANDARD_LIBRARIES = YES;
				CODE_SIGN_STYLE = Automatic;
				CURRENT_PROJECT_VERSION = 1;
				DEVELOPMENT_TEAM = 34RWWTZRHY;
				GENERATE_INFOPLIST_FILE = YES;
				MARKETING_VERSION = 1.0;
				PRODUCT_BUNDLE_IDENTIFIER = asdasdasdasdasd.torobyswiftUIUITests;
				PRODUCT_NAME = "$(TARGET_NAME)";
				SWIFT_EMIT_LOC_STRINGS = NO;
				SWIFT_VERSION = 5.0;
				TARGETED_DEVICE_FAMILY = "1,2";
				TEST_TARGET_NAME = torobyswiftUI;
			};
			name = Release;
		};
/* End XCBuildConfiguration section */

/* Begin XCConfigurationList section */
		641DDE862AAC8AFD0011729A /* Build configuration list for PBXProject "torobyswiftUI" */ = {
			isa = XCConfigurationList;
			buildConfigurations = (
				641DDEAD2AAC8AFE0011729A /* Debug */,
				641DDEAE2AAC8AFE0011729A /* Release */,
			);
			defaultConfigurationIsVisible = 0;
			defaultConfigurationName = Release;
		};
		641DDEAF2AAC8AFE0011729A /* Build configuration list for PBXNativeTarget "torobyswiftUI" */ = {
			isa = XCConfigurationList;
			buildConfigurations = (
				641DDEB02AAC8AFE0011729A /* Debug */,
				641DDEB12AAC8AFE0011729A /* Release */,
			);
			defaultConfigurationIsVisible = 0;
			defaultConfigurationName = Release;
		};
		641DDEB22AAC8AFE0011729A /* Build configuration list for PBXNativeTarget "torobyswiftUITests" */ = {
			isa = XCConfigurationList;
			buildConfigurations = (
				641DDEB32AAC8AFE0011729A /* Debug */,
				641DDEB42AAC8AFE0011729A /* Release */,
			);
			defaultConfigurationIsVisible = 0;
			defaultConfigurationName = Release;
		};
		641DDEB52AAC8AFE0011729A /* Build configuration list for PBXNativeTarget "torobyswiftUIUITests" */ = {
			isa = XCConfigurationList;
			buildConfigurations = (
				641DDEB62AAC8AFE0011729A /* Debug */,
				641DDEB72AAC8AFE0011729A /* Release */,
			);
			defaultConfigurationIsVisible = 0;
			defaultConfigurationName = Release;
		};
/* End XCConfigurationList section */
	};
	rootObject = 641DDE832AAC8AFD0011729A /* Project object */;
}
