// !$*UTF8*$!
{
	archiveVersion = 1;
	classes = {
	};
	objectVersion = 56;
	objects = {

/* Begin PBXBuildFile section */
		6436C23C2AC2A92C008AE3F6 /* side_bar_testApp.swift in Sources */ = {isa = PBXBuildFile; fileRef = 6436C23B2AC2A92C008AE3F6 /* side_bar_testApp.swift */; };
		6436C23E2AC2A92C008AE3F6 /* ContentView.swift in Sources */ = {isa = PBXBuildFile; fileRef = 6436C23D2AC2A92C008AE3F6 /* ContentView.swift */; };
		6436C2402AC2A92E008AE3F6 /* Assets.xcassets in Resources */ = {isa = PBXBuildFile; fileRef = 6436C23F2AC2A92E008AE3F6 /* Assets.xcassets */; };
		6436C2432AC2A92E008AE3F6 /* Preview Assets.xcassets in Resources */ = {isa = PBXBuildFile; fileRef = 6436C2422AC2A92E008AE3F6 /* Preview Assets.xcassets */; };
		6436C24D2AC2A92E008AE3F6 /* side_bar_testTests.swift in Sources */ = {isa = PBXBuildFile; fileRef = 6436C24C2AC2A92E008AE3F6 /* side_bar_testTests.swift */; };
		6436C2572AC2A92E008AE3F6 /* side_bar_testUITests.swift in Sources */ = {isa = PBXBuildFile; fileRef = 6436C2562AC2A92E008AE3F6 /* side_bar_testUITests.swift */; };
		6436C2592AC2A92E008AE3F6 /* side_bar_testUITestsLaunchTests.swift in Sources */ = {isa = PBXBuildFile; fileRef = 6436C2582AC2A92E008AE3F6 /* side_bar_testUITestsLaunchTests.swift */; };
		6436C2662AC2AB2A008AE3F6 /* side_menu_bar.swift in Sources */ = {isa = PBXBuildFile; fileRef = 6436C2652AC2AB2A008AE3F6 /* side_menu_bar.swift */; };
		6436C2682AC2AE7C008AE3F6 /* side_menu_header_view.swift in Sources */ = {isa = PBXBuildFile; fileRef = 6436C2672AC2AE7C008AE3F6 /* side_menu_header_view.swift */; };
		6436C26A2AC2B07F008AE3F6 /* side_menu_optinview.swift in Sources */ = {isa = PBXBuildFile; fileRef = 6436C2692AC2B07F008AE3F6 /* side_menu_optinview.swift */; };
/* End PBXBuildFile section */

/* Begin PBXContainerItemProxy section */
		6436C2492AC2A92E008AE3F6 /* PBXContainerItemProxy */ = {
			isa = PBXContainerItemProxy;
			containerPortal = 6436C2302AC2A92C008AE3F6 /* Project object */;
			proxyType = 1;
			remoteGlobalIDString = 6436C2372AC2A92C008AE3F6;
			remoteInfo = side_bar_test;
		};
		6436C2532AC2A92E008AE3F6 /* PBXContainerItemProxy */ = {
			isa = PBXContainerItemProxy;
			containerPortal = 6436C2302AC2A92C008AE3F6 /* Project object */;
			proxyType = 1;
			remoteGlobalIDString = 6436C2372AC2A92C008AE3F6;
			remoteInfo = side_bar_test;
		};
/* End PBXContainerItemProxy section */

/* Begin PBXFileReference section */
		6436C2382AC2A92C008AE3F6 /* side_bar_test.app */ = {isa = PBXFileReference; explicitFileType = wrapper.application; includeInIndex = 0; path = side_bar_test.app; sourceTree = BUILT_PRODUCTS_DIR; };
		6436C23B2AC2A92C008AE3F6 /* side_bar_testApp.swift */ = {isa = PBXFileReference; lastKnownFileType = sourcecode.swift; path = side_bar_testApp.swift; sourceTree = "<group>"; };
		6436C23D2AC2A92C008AE3F6 /* ContentView.swift */ = {isa = PBXFileReference; lastKnownFileType = sourcecode.swift; path = ContentView.swift; sourceTree = "<group>"; };
		6436C23F2AC2A92E008AE3F6 /* Assets.xcassets */ = {isa = PBXFileReference; lastKnownFileType = folder.assetcatalog; path = Assets.xcassets; sourceTree = "<group>"; };
		6436C2422AC2A92E008AE3F6 /* Preview Assets.xcassets */ = {isa = PBXFileReference; lastKnownFileType = folder.assetcatalog; path = "Preview Assets.xcassets"; sourceTree = "<group>"; };
		6436C2482AC2A92E008AE3F6 /* side_bar_testTests.xctest */ = {isa = PBXFileReference; explicitFileType = wrapper.cfbundle; includeInIndex = 0; path = side_bar_testTests.xctest; sourceTree = BUILT_PRODUCTS_DIR; };
		6436C24C2AC2A92E008AE3F6 /* side_bar_testTests.swift */ = {isa = PBXFileReference; lastKnownFileType = sourcecode.swift; path = side_bar_testTests.swift; sourceTree = "<group>"; };
		6436C2522AC2A92E008AE3F6 /* side_bar_testUITests.xctest */ = {isa = PBXFileReference; explicitFileType = wrapper.cfbundle; includeInIndex = 0; path = side_bar_testUITests.xctest; sourceTree = BUILT_PRODUCTS_DIR; };
		6436C2562AC2A92E008AE3F6 /* side_bar_testUITests.swift */ = {isa = PBXFileReference; lastKnownFileType = sourcecode.swift; path = side_bar_testUITests.swift; sourceTree = "<group>"; };
		6436C2582AC2A92E008AE3F6 /* side_bar_testUITestsLaunchTests.swift */ = {isa = PBXFileReference; lastKnownFileType = sourcecode.swift; path = side_bar_testUITestsLaunchTests.swift; sourceTree = "<group>"; };
		6436C2652AC2AB2A008AE3F6 /* side_menu_bar.swift */ = {isa = PBXFileReference; lastKnownFileType = sourcecode.swift; path = side_menu_bar.swift; sourceTree = "<group>"; };
		6436C2672AC2AE7C008AE3F6 /* side_menu_header_view.swift */ = {isa = PBXFileReference; lastKnownFileType = sourcecode.swift; path = side_menu_header_view.swift; sourceTree = "<group>"; };
		6436C2692AC2B07F008AE3F6 /* side_menu_optinview.swift */ = {isa = PBXFileReference; lastKnownFileType = sourcecode.swift; path = side_menu_optinview.swift; sourceTree = "<group>"; };
/* End PBXFileReference section */

/* Begin PBXFrameworksBuildPhase section */
		6436C2352AC2A92C008AE3F6 /* Frameworks */ = {
			isa = PBXFrameworksBuildPhase;
			buildActionMask = 2147483647;
			files = (
			);
			runOnlyForDeploymentPostprocessing = 0;
		};
		6436C2452AC2A92E008AE3F6 /* Frameworks */ = {
			isa = PBXFrameworksBuildPhase;
			buildActionMask = 2147483647;
			files = (
			);
			runOnlyForDeploymentPostprocessing = 0;
		};
		6436C24F2AC2A92E008AE3F6 /* Frameworks */ = {
			isa = PBXFrameworksBuildPhase;
			buildActionMask = 2147483647;
			files = (
			);
			runOnlyForDeploymentPostprocessing = 0;
		};
/* End PBXFrameworksBuildPhase section */

/* Begin PBXGroup section */
		6436C22F2AC2A92C008AE3F6 = {
			isa = PBXGroup;
			children = (
				6436C23A2AC2A92C008AE3F6 /* side_bar_test */,
				6436C24B2AC2A92E008AE3F6 /* side_bar_testTests */,
				6436C2552AC2A92E008AE3F6 /* side_bar_testUITests */,
				6436C2392AC2A92C008AE3F6 /* Products */,
			);
			sourceTree = "<group>";
		};
		6436C2392AC2A92C008AE3F6 /* Products */ = {
			isa = PBXGroup;
			children = (
				6436C2382AC2A92C008AE3F6 /* side_bar_test.app */,
				6436C2482AC2A92E008AE3F6 /* side_bar_testTests.xctest */,
				6436C2522AC2A92E008AE3F6 /* side_bar_testUITests.xctest */,
			);
			name = Products;
			sourceTree = "<group>";
		};
		6436C23A2AC2A92C008AE3F6 /* side_bar_test */ = {
			isa = PBXGroup;
			children = (
				6436C23B2AC2A92C008AE3F6 /* side_bar_testApp.swift */,
				6436C2652AC2AB2A008AE3F6 /* side_menu_bar.swift */,
				6436C23D2AC2A92C008AE3F6 /* ContentView.swift */,
				6436C2672AC2AE7C008AE3F6 /* side_menu_header_view.swift */,
				6436C2692AC2B07F008AE3F6 /* side_menu_optinview.swift */,
				6436C23F2AC2A92E008AE3F6 /* Assets.xcassets */,
				6436C2412AC2A92E008AE3F6 /* Preview Content */,
			);
			path = side_bar_test;
			sourceTree = "<group>";
		};
		6436C2412AC2A92E008AE3F6 /* Preview Content */ = {
			isa = PBXGroup;
			children = (
				6436C2422AC2A92E008AE3F6 /* Preview Assets.xcassets */,
			);
			path = "Preview Content";
			sourceTree = "<group>";
		};
		6436C24B2AC2A92E008AE3F6 /* side_bar_testTests */ = {
			isa = PBXGroup;
			children = (
				6436C24C2AC2A92E008AE3F6 /* side_bar_testTests.swift */,
			);
			path = side_bar_testTests;
			sourceTree = "<group>";
		};
		6436C2552AC2A92E008AE3F6 /* side_bar_testUITests */ = {
			isa = PBXGroup;
			children = (
				6436C2562AC2A92E008AE3F6 /* side_bar_testUITests.swift */,
				6436C2582AC2A92E008AE3F6 /* side_bar_testUITestsLaunchTests.swift */,
			);
			path = side_bar_testUITests;
			sourceTree = "<group>";
		};
/* End PBXGroup section */

/* Begin PBXNativeTarget section */
		6436C2372AC2A92C008AE3F6 /* side_bar_test */ = {
			isa = PBXNativeTarget;
			buildConfigurationList = 6436C25C2AC2A92E008AE3F6 /* Build configuration list for PBXNativeTarget "side_bar_test" */;
			buildPhases = (
				6436C2342AC2A92C008AE3F6 /* Sources */,
				6436C2352AC2A92C008AE3F6 /* Frameworks */,
				6436C2362AC2A92C008AE3F6 /* Resources */,
			);
			buildRules = (
			);
			dependencies = (
			);
			name = side_bar_test;
			productName = side_bar_test;
			productReference = 6436C2382AC2A92C008AE3F6 /* side_bar_test.app */;
			productType = "com.apple.product-type.application";
		};
		6436C2472AC2A92E008AE3F6 /* side_bar_testTests */ = {
			isa = PBXNativeTarget;
			buildConfigurationList = 6436C25F2AC2A92E008AE3F6 /* Build configuration list for PBXNativeTarget "side_bar_testTests" */;
			buildPhases = (
				6436C2442AC2A92E008AE3F6 /* Sources */,
				6436C2452AC2A92E008AE3F6 /* Frameworks */,
				6436C2462AC2A92E008AE3F6 /* Resources */,
			);
			buildRules = (
			);
			dependencies = (
				6436C24A2AC2A92E008AE3F6 /* PBXTargetDependency */,
			);
			name = side_bar_testTests;
			productName = side_bar_testTests;
			productReference = 6436C2482AC2A92E008AE3F6 /* side_bar_testTests.xctest */;
			productType = "com.apple.product-type.bundle.unit-test";
		};
		6436C2512AC2A92E008AE3F6 /* side_bar_testUITests */ = {
			isa = PBXNativeTarget;
			buildConfigurationList = 6436C2622AC2A92E008AE3F6 /* Build configuration list for PBXNativeTarget "side_bar_testUITests" */;
			buildPhases = (
				6436C24E2AC2A92E008AE3F6 /* Sources */,
				6436C24F2AC2A92E008AE3F6 /* Frameworks */,
				6436C2502AC2A92E008AE3F6 /* Resources */,
			);
			buildRules = (
			);
			dependencies = (
				6436C2542AC2A92E008AE3F6 /* PBXTargetDependency */,
			);
			name = side_bar_testUITests;
			productName = side_bar_testUITests;
			productReference = 6436C2522AC2A92E008AE3F6 /* side_bar_testUITests.xctest */;
			productType = "com.apple.product-type.bundle.ui-testing";
		};
/* End PBXNativeTarget section */

/* Begin PBXProject section */
		6436C2302AC2A92C008AE3F6 /* Project object */ = {
			isa = PBXProject;
			attributes = {
				BuildIndependentTargetsInParallel = 1;
				LastSwiftUpdateCheck = 1430;
				LastUpgradeCheck = 1430;
				TargetAttributes = {
					6436C2372AC2A92C008AE3F6 = {
						CreatedOnToolsVersion = 14.3.1;
					};
					6436C2472AC2A92E008AE3F6 = {
						CreatedOnToolsVersion = 14.3.1;
						TestTargetID = 6436C2372AC2A92C008AE3F6;
					};
					6436C2512AC2A92E008AE3F6 = {
						CreatedOnToolsVersion = 14.3.1;
						TestTargetID = 6436C2372AC2A92C008AE3F6;
					};
				};
			};
			buildConfigurationList = 6436C2332AC2A92C008AE3F6 /* Build configuration list for PBXProject "side_bar_test" */;
			compatibilityVersion = "Xcode 14.0";
			developmentRegion = en;
			hasScannedForEncodings = 0;
			knownRegions = (
				en,
				Base,
			);
			mainGroup = 6436C22F2AC2A92C008AE3F6;
			productRefGroup = 6436C2392AC2A92C008AE3F6 /* Products */;
			projectDirPath = "";
			projectRoot = "";
			targets = (
				6436C2372AC2A92C008AE3F6 /* side_bar_test */,
				6436C2472AC2A92E008AE3F6 /* side_bar_testTests */,
				6436C2512AC2A92E008AE3F6 /* side_bar_testUITests */,
			);
		};
/* End PBXProject section */

/* Begin PBXResourcesBuildPhase section */
		6436C2362AC2A92C008AE3F6 /* Resources */ = {
			isa = PBXResourcesBuildPhase;
			buildActionMask = 2147483647;
			files = (
				6436C2432AC2A92E008AE3F6 /* Preview Assets.xcassets in Resources */,
				6436C2402AC2A92E008AE3F6 /* Assets.xcassets in Resources */,
			);
			runOnlyForDeploymentPostprocessing = 0;
		};
		6436C2462AC2A92E008AE3F6 /* Resources */ = {
			isa = PBXResourcesBuildPhase;
			buildActionMask = 2147483647;
			files = (
			);
			runOnlyForDeploymentPostprocessing = 0;
		};
		6436C2502AC2A92E008AE3F6 /* Resources */ = {
			isa = PBXResourcesBuildPhase;
			buildActionMask = 2147483647;
			files = (
			);
			runOnlyForDeploymentPostprocessing = 0;
		};
/* End PBXResourcesBuildPhase section */

/* Begin PBXSourcesBuildPhase section */
		6436C2342AC2A92C008AE3F6 /* Sources */ = {
			isa = PBXSourcesBuildPhase;
			buildActionMask = 2147483647;
			files = (
				6436C2662AC2AB2A008AE3F6 /* side_menu_bar.swift in Sources */,
				6436C2682AC2AE7C008AE3F6 /* side_menu_header_view.swift in Sources */,
				6436C23E2AC2A92C008AE3F6 /* ContentView.swift in Sources */,
				6436C26A2AC2B07F008AE3F6 /* side_menu_optinview.swift in Sources */,
				6436C23C2AC2A92C008AE3F6 /* side_bar_testApp.swift in Sources */,
			);
			runOnlyForDeploymentPostprocessing = 0;
		};
		6436C2442AC2A92E008AE3F6 /* Sources */ = {
			isa = PBXSourcesBuildPhase;
			buildActionMask = 2147483647;
			files = (
				6436C24D2AC2A92E008AE3F6 /* side_bar_testTests.swift in Sources */,
			);
			runOnlyForDeploymentPostprocessing = 0;
		};
		6436C24E2AC2A92E008AE3F6 /* Sources */ = {
			isa = PBXSourcesBuildPhase;
			buildActionMask = 2147483647;
			files = (
				6436C2572AC2A92E008AE3F6 /* side_bar_testUITests.swift in Sources */,
				6436C2592AC2A92E008AE3F6 /* side_bar_testUITestsLaunchTests.swift in Sources */,
			);
			runOnlyForDeploymentPostprocessing = 0;
		};
/* End PBXSourcesBuildPhase section */

/* Begin PBXTargetDependency section */
		6436C24A2AC2A92E008AE3F6 /* PBXTargetDependency */ = {
			isa = PBXTargetDependency;
			target = 6436C2372AC2A92C008AE3F6 /* side_bar_test */;
			targetProxy = 6436C2492AC2A92E008AE3F6 /* PBXContainerItemProxy */;
		};
		6436C2542AC2A92E008AE3F6 /* PBXTargetDependency */ = {
			isa = PBXTargetDependency;
			target = 6436C2372AC2A92C008AE3F6 /* side_bar_test */;
			targetProxy = 6436C2532AC2A92E008AE3F6 /* PBXContainerItemProxy */;
		};
/* End PBXTargetDependency section */

/* Begin XCBuildConfiguration section */
		6436C25A2AC2A92E008AE3F6 /* Debug */ = {
			isa = XCBuildConfiguration;
			buildSettings = {
				ALWAYS_SEARCH_USER_PATHS = NO;
				CLANG_ANALYZER_NONNULL = YES;
				CLANG_ANALYZER_NUMBER_OBJECT_CONVERSION = YES_AGGRESSIVE;
				CLANG_CXX_LANGUAGE_STANDARD = "gnu++20";
				CLANG_ENABLE_MODULES = YES;
				CLANG_ENABLE_OBJC_ARC = YES;
				CLANG_ENABLE_OBJC_WEAK = YES;
				CLANG_WARN_BLOCK_CAPTURE_AUTORELEASING = YES;
				CLANG_WARN_BOOL_CONVERSION = YES;
				CLANG_WARN_COMMA = YES;
				CLANG_WARN_CONSTANT_CONVERSION = YES;
				CLANG_WARN_DEPRECATED_OBJC_IMPLEMENTATIONS = YES;
				CLANG_WARN_DIRECT_OBJC_ISA_USAGE = YES_ERROR;
				CLANG_WARN_DOCUMENTATION_COMMENTS = YES;
				CLANG_WARN_EMPTY_BODY = YES;
				CLANG_WARN_ENUM_CONVERSION = YES;
				CLANG_WARN_INFINITE_RECURSION = YES;
				CLANG_WARN_INT_CONVERSION = YES;
				CLANG_WARN_NON_LITERAL_NULL_CONVERSION = YES;
				CLANG_WARN_OBJC_IMPLICIT_RETAIN_SELF = YES;
				CLANG_WARN_OBJC_LITERAL_CONVERSION = YES;
				CLANG_WARN_OBJC_ROOT_CLASS = YES_ERROR;
				CLANG_WARN_QUOTED_INCLUDE_IN_FRAMEWORK_HEADER = YES;
				CLANG_WARN_RANGE_LOOP_ANALYSIS = YES;
				CLANG_WARN_STRICT_PROTOTYPES = YES;
				CLANG_WARN_SUSPICIOUS_MOVE = YES;
				CLANG_WARN_UNGUARDED_AVAILABILITY = YES_AGGRESSIVE;
				CLANG_WARN_UNREACHABLE_CODE = YES;
				CLANG_WARN__DUPLICATE_METHOD_MATCH = YES;
				COPY_PHASE_STRIP = NO;
				DEBUG_INFORMATION_FORMAT = dwarf;
				ENABLE_STRICT_OBJC_MSGSEND = YES;
				ENABLE_TESTABILITY = YES;
				GCC_C_LANGUAGE_STANDARD = gnu11;
				GCC_DYNAMIC_NO_PIC = NO;
				GCC_NO_COMMON_BLOCKS = YES;
				GCC_OPTIMIZATION_LEVEL = 0;
				GCC_PREPROCESSOR_DEFINITIONS = (
					"DEBUG=1",
					"$(inherited)",
				);
				GCC_WARN_64_TO_32_BIT_CONVERSION = YES;
				GCC_WARN_ABOUT_RETURN_TYPE = YES_ERROR;
				GCC_WARN_UNDECLARED_SELECTOR = YES;
				GCC_WARN_UNINITIALIZED_AUTOS = YES_AGGRESSIVE;
				GCC_WARN_UNUSED_FUNCTION = YES;
				GCC_WARN_UNUSED_VARIABLE = YES;
				IPHONEOS_DEPLOYMENT_TARGET = 16.4;
				MTL_ENABLE_DEBUG_INFO = INCLUDE_SOURCE;
				MTL_FAST_MATH = YES;
				ONLY_ACTIVE_ARCH = YES;
				SDKROOT = iphoneos;
				SWIFT_ACTIVE_COMPILATION_CONDITIONS = DEBUG;
				SWIFT_OPTIMIZATION_LEVEL = "-Onone";
			};
			name = Debug;
		};
		6436C25B2AC2A92E008AE3F6 /* Release */ = {
			isa = XCBuildConfiguration;
			buildSettings = {
				ALWAYS_SEARCH_USER_PATHS = NO;
				CLANG_ANALYZER_NONNULL = YES;
				CLANG_ANALYZER_NUMBER_OBJECT_CONVERSION = YES_AGGRESSIVE;
				CLANG_CXX_LANGUAGE_STANDARD = "gnu++20";
				CLANG_ENABLE_MODULES = YES;
				CLANG_ENABLE_OBJC_ARC = YES;
				CLANG_ENABLE_OBJC_WEAK = YES;
				CLANG_WARN_BLOCK_CAPTURE_AUTORELEASING = YES;
				CLANG_WARN_BOOL_CONVERSION = YES;
				CLANG_WARN_COMMA = YES;
				CLANG_WARN_CONSTANT_CONVERSION = YES;
				CLANG_WARN_DEPRECATED_OBJC_IMPLEMENTATIONS = YES;
				CLANG_WARN_DIRECT_OBJC_ISA_USAGE = YES_ERROR;
				CLANG_WARN_DOCUMENTATION_COMMENTS = YES;
				CLANG_WARN_EMPTY_BODY = YES;
				CLANG_WARN_ENUM_CONVERSION = YES;
				CLANG_WARN_INFINITE_RECURSION = YES;
				CLANG_WARN_INT_CONVERSION = YES;
				CLANG_WARN_NON_LITERAL_NULL_CONVERSION = YES;
				CLANG_WARN_OBJC_IMPLICIT_RETAIN_SELF = YES;
				CLANG_WARN_OBJC_LITERAL_CONVERSION = YES;
				CLANG_WARN_OBJC_ROOT_CLASS = YES_ERROR;
				CLANG_WARN_QUOTED_INCLUDE_IN_FRAMEWORK_HEADER = YES;
				CLANG_WARN_RANGE_LOOP_ANALYSIS = YES;
				CLANG_WARN_STRICT_PROTOTYPES = YES;
				CLANG_WARN_SUSPICIOUS_MOVE = YES;
				CLANG_WARN_UNGUARDED_AVAILABILITY = YES_AGGRESSIVE;
				CLANG_WARN_UNREACHABLE_CODE = YES;
				CLANG_WARN__DUPLICATE_METHOD_MATCH = YES;
				COPY_PHASE_STRIP = NO;
				DEBUG_INFORMATION_FORMAT = "dwarf-with-dsym";
				ENABLE_NS_ASSERTIONS = NO;
				ENABLE_STRICT_OBJC_MSGSEND = YES;
				GCC_C_LANGUAGE_STANDARD = gnu11;
				GCC_NO_COMMON_BLOCKS = YES;
				GCC_WARN_64_TO_32_BIT_CONVERSION = YES;
				GCC_WARN_ABOUT_RETURN_TYPE = YES_ERROR;
				GCC_WARN_UNDECLARED_SELECTOR = YES;
				GCC_WARN_UNINITIALIZED_AUTOS = YES_AGGRESSIVE;
				GCC_WARN_UNUSED_FUNCTION = YES;
				GCC_WARN_UNUSED_VARIABLE = YES;
				IPHONEOS_DEPLOYMENT_TARGET = 16.4;
				MTL_ENABLE_DEBUG_INFO = NO;
				MTL_FAST_MATH = YES;
				SDKROOT = iphoneos;
				SWIFT_COMPILATION_MODE = wholemodule;
				SWIFT_OPTIMIZATION_LEVEL = "-O";
				VALIDATE_PRODUCT = YES;
			};
			name = Release;
		};
		6436C25D2AC2A92E008AE3F6 /* Debug */ = {
			isa = XCBuildConfiguration;
			buildSettings = {
				ASSETCATALOG_COMPILER_APPICON_NAME = AppIcon;
				ASSETCATALOG_COMPILER_GLOBAL_ACCENT_COLOR_NAME = AccentColor;
				CODE_SIGN_STYLE = Automatic;
				CURRENT_PROJECT_VERSION = 1;
				DEVELOPMENT_ASSET_PATHS = "\"side_bar_test/Preview Content\"";
				DEVELOPMENT_TEAM = 34RWWTZRHY;
				ENABLE_PREVIEWS = YES;
				GENERATE_INFOPLIST_FILE = YES;
				INFOPLIST_KEY_UIApplicationSceneManifest_Generation = YES;
				INFOPLIST_KEY_UIApplicationSupportsIndirectInputEvents = YES;
				INFOPLIST_KEY_UILaunchScreen_Generation = YES;
				INFOPLIST_KEY_UISupportedInterfaceOrientations_iPad = "UIInterfaceOrientationPortrait UIInterfaceOrientationPortraitUpsideDown UIInterfaceOrientationLandscapeLeft UIInterfaceOrientationLandscapeRight";
				INFOPLIST_KEY_UISupportedInterfaceOrientations_iPhone = "UIInterfaceOrientationPortrait UIInterfaceOrientationLandscapeLeft UIInterfaceOrientationLandscapeRight";
				LD_RUNPATH_SEARCH_PATHS = (
					"$(inherited)",
					"@executable_path/Frameworks",
				);
				MARKETING_VERSION = 1.0;
				PRODUCT_BUNDLE_IDENTIFIER = "asdasdasdasdasd.side-bar-test";
				PRODUCT_NAME = "$(TARGET_NAME)";
				SWIFT_EMIT_LOC_STRINGS = YES;
				SWIFT_VERSION = 5.0;
				TARGETED_DEVICE_FAMILY = "1,2";
			};
			name = Debug;
		};
		6436C25E2AC2A92E008AE3F6 /* Release */ = {
			isa = XCBuildConfiguration;
			buildSettings = {
				ASSETCATALOG_COMPILER_APPICON_NAME = AppIcon;
				ASSETCATALOG_COMPILER_GLOBAL_ACCENT_COLOR_NAME = AccentColor;
				CODE_SIGN_STYLE = Automatic;
				CURRENT_PROJECT_VERSION = 1;
				DEVELOPMENT_ASSET_PATHS = "\"side_bar_test/Preview Content\"";
				DEVELOPMENT_TEAM = 34RWWTZRHY;
				ENABLE_PREVIEWS = YES;
				GENERATE_INFOPLIST_FILE = YES;
				INFOPLIST_KEY_UIApplicationSceneManifest_Generation = YES;
				INFOPLIST_KEY_UIApplicationSupportsIndirectInputEvents = YES;
				INFOPLIST_KEY_UILaunchScreen_Generation = YES;
				INFOPLIST_KEY_UISupportedInterfaceOrientations_iPad = "UIInterfaceOrientationPortrait UIInterfaceOrientationPortraitUpsideDown UIInterfaceOrientationLandscapeLeft UIInterfaceOrientationLandscapeRight";
				INFOPLIST_KEY_UISupportedInterfaceOrientations_iPhone = "UIInterfaceOrientationPortrait UIInterfaceOrientationLandscapeLeft UIInterfaceOrientationLandscapeRight";
				LD_RUNPATH_SEARCH_PATHS = (
					"$(inherited)",
					"@executable_path/Frameworks",
				);
				MARKETING_VERSION = 1.0;
				PRODUCT_BUNDLE_IDENTIFIER = "asdasdasdasdasd.side-bar-test";
				PRODUCT_NAME = "$(TARGET_NAME)";
				SWIFT_EMIT_LOC_STRINGS = YES;
				SWIFT_VERSION = 5.0;
				TARGETED_DEVICE_FAMILY = "1,2";
			};
			name = Release;
		};
		6436C2602AC2A92E008AE3F6 /* Debug */ = {
			isa = XCBuildConfiguration;
			buildSettings = {
				ALWAYS_EMBED_SWIFT_STANDARD_LIBRARIES = YES;
				BUNDLE_LOADER = "$(TEST_HOST)";
				CODE_SIGN_STYLE = Automatic;
				CURRENT_PROJECT_VERSION = 1;
				DEVELOPMENT_TEAM = 34RWWTZRHY;
				GENERATE_INFOPLIST_FILE = YES;
				IPHONEOS_DEPLOYMENT_TARGET = 16.4;
				MARKETING_VERSION = 1.0;
				PRODUCT_BUNDLE_IDENTIFIER = "asdasdasdasdasd.side-bar-testTests";
				PRODUCT_NAME = "$(TARGET_NAME)";
				SWIFT_EMIT_LOC_STRINGS = NO;
				SWIFT_VERSION = 5.0;
				TARGETED_DEVICE_FAMILY = "1,2";
				TEST_HOST = "$(BUILT_PRODUCTS_DIR)/side_bar_test.app/$(BUNDLE_EXECUTABLE_FOLDER_PATH)/side_bar_test";
			};
			name = Debug;
		};
		6436C2612AC2A92E008AE3F6 /* Release */ = {
			isa = XCBuildConfiguration;
			buildSettings = {
				ALWAYS_EMBED_SWIFT_STANDARD_LIBRARIES = YES;
				BUNDLE_LOADER = "$(TEST_HOST)";
				CODE_SIGN_STYLE = Automatic;
				CURRENT_PROJECT_VERSION = 1;
				DEVELOPMENT_TEAM = 34RWWTZRHY;
				GENERATE_INFOPLIST_FILE = YES;
				IPHONEOS_DEPLOYMENT_TARGET = 16.4;
				MARKETING_VERSION = 1.0;
				PRODUCT_BUNDLE_IDENTIFIER = "asdasdasdasdasd.side-bar-testTests";
				PRODUCT_NAME = "$(TARGET_NAME)";
				SWIFT_EMIT_LOC_STRINGS = NO;
				SWIFT_VERSION = 5.0;
				TARGETED_DEVICE_FAMILY = "1,2";
				TEST_HOST = "$(BUILT_PRODUCTS_DIR)/side_bar_test.app/$(BUNDLE_EXECUTABLE_FOLDER_PATH)/side_bar_test";
			};
			name = Release;
		};
		6436C2632AC2A92E008AE3F6 /* Debug */ = {
			isa = XCBuildConfiguration;
			buildSettings = {
				ALWAYS_EMBED_SWIFT_STANDARD_LIBRARIES = YES;
				CODE_SIGN_STYLE = Automatic;
				CURRENT_PROJECT_VERSION = 1;
				DEVELOPMENT_TEAM = 34RWWTZRHY;
				GENERATE_INFOPLIST_FILE = YES;
				MARKETING_VERSION = 1.0;
				PRODUCT_BUNDLE_IDENTIFIER = "asdasdasdasdasd.side-bar-testUITests";
				PRODUCT_NAME = "$(TARGET_NAME)";
				SWIFT_EMIT_LOC_STRINGS = NO;
				SWIFT_VERSION = 5.0;
				TARGETED_DEVICE_FAMILY = "1,2";
				TEST_TARGET_NAME = side_bar_test;
			};
			name = Debug;
		};
		6436C2642AC2A92E008AE3F6 /* Release */ = {
			isa = XCBuildConfiguration;
			buildSettings = {
				ALWAYS_EMBED_SWIFT_STANDARD_LIBRARIES = YES;
				CODE_SIGN_STYLE = Automatic;
				CURRENT_PROJECT_VERSION = 1;
				DEVELOPMENT_TEAM = 34RWWTZRHY;
				GENERATE_INFOPLIST_FILE = YES;
				MARKETING_VERSION = 1.0;
				PRODUCT_BUNDLE_IDENTIFIER = "asdasdasdasdasd.side-bar-testUITests";
				PRODUCT_NAME = "$(TARGET_NAME)";
				SWIFT_EMIT_LOC_STRINGS = NO;
				SWIFT_VERSION = 5.0;
				TARGETED_DEVICE_FAMILY = "1,2";
				TEST_TARGET_NAME = side_bar_test;
			};
			name = Release;
		};
/* End XCBuildConfiguration section */

/* Begin XCConfigurationList section */
		6436C2332AC2A92C008AE3F6 /* Build configuration list for PBXProject "side_bar_test" */ = {
			isa = XCConfigurationList;
			buildConfigurations = (
				6436C25A2AC2A92E008AE3F6 /* Debug */,
				6436C25B2AC2A92E008AE3F6 /* Release */,
			);
			defaultConfigurationIsVisible = 0;
			defaultConfigurationName = Release;
		};
		6436C25C2AC2A92E008AE3F6 /* Build configuration list for PBXNativeTarget "side_bar_test" */ = {
			isa = XCConfigurationList;
			buildConfigurations = (
				6436C25D2AC2A92E008AE3F6 /* Debug */,
				6436C25E2AC2A92E008AE3F6 /* Release */,
			);
			defaultConfigurationIsVisible = 0;
			defaultConfigurationName = Release;
		};
		6436C25F2AC2A92E008AE3F6 /* Build configuration list for PBXNativeTarget "side_bar_testTests" */ = {
			isa = XCConfigurationList;
			buildConfigurations = (
				6436C2602AC2A92E008AE3F6 /* Debug */,
				6436C2612AC2A92E008AE3F6 /* Release */,
			);
			defaultConfigurationIsVisible = 0;
			defaultConfigurationName = Release;
		};
		6436C2622AC2A92E008AE3F6 /* Build configuration list for PBXNativeTarget "side_bar_testUITests" */ = {
			isa = XCConfigurationList;
			buildConfigurations = (
				6436C2632AC2A92E008AE3F6 /* Debug */,
				6436C2642AC2A92E008AE3F6 /* Release */,
			);
			defaultConfigurationIsVisible = 0;
			defaultConfigurationName = Release;
		};
/* End XCConfigurationList section */
	};
	rootObject = 6436C2302AC2A92C008AE3F6 /* Project object */;
}
