// !$*UTF8*$!
{
	archiveVersion = 1;
	classes = {
	};
	objectVersion = 56;
	objects = {

/* Begin PBXBuildFile section */
		6490D80F2AE133CC008FF1A7 /* coredata_self_programmingApp.swift in Sources */ = {isa = PBXBuildFile; fileRef = 6490D80E2AE133CC008FF1A7 /* coredata_self_programmingApp.swift */; };
		6490D8112AE133CC008FF1A7 /* ContentView.swift in Sources */ = {isa = PBXBuildFile; fileRef = 6490D8102AE133CC008FF1A7 /* ContentView.swift */; };
		6490D8132AE133CD008FF1A7 /* Assets.xcassets in Resources */ = {isa = PBXBuildFile; fileRef = 6490D8122AE133CD008FF1A7 /* Assets.xcassets */; };
		6490D8162AE133CD008FF1A7 /* Preview Assets.xcassets in Resources */ = {isa = PBXBuildFile; fileRef = 6490D8152AE133CD008FF1A7 /* Preview Assets.xcassets */; };
		6490D81F2AE13412008FF1A7 /* coreModel.xcdatamodeld in Sources */ = {isa = PBXBuildFile; fileRef = 6490D81D2AE13412008FF1A7 /* coreModel.xcdatamodeld */; };
		6490D8212AE13436008FF1A7 /* coreModelController.swift in Sources */ = {isa = PBXBuildFile; fileRef = 6490D8202AE13436008FF1A7 /* coreModelController.swift */; };
/* End PBXBuildFile section */

/* Begin PBXFileReference section */
		6490D80B2AE133CC008FF1A7 /* coredata_self_programming.app */ = {isa = PBXFileReference; explicitFileType = wrapper.application; includeInIndex = 0; path = coredata_self_programming.app; sourceTree = BUILT_PRODUCTS_DIR; };
		6490D80E2AE133CC008FF1A7 /* coredata_self_programmingApp.swift */ = {isa = PBXFileReference; lastKnownFileType = sourcecode.swift; path = coredata_self_programmingApp.swift; sourceTree = "<group>"; };
		6490D8102AE133CC008FF1A7 /* ContentView.swift */ = {isa = PBXFileReference; lastKnownFileType = sourcecode.swift; path = ContentView.swift; sourceTree = "<group>"; };
		6490D8122AE133CD008FF1A7 /* Assets.xcassets */ = {isa = PBXFileReference; lastKnownFileType = folder.assetcatalog; path = Assets.xcassets; sourceTree = "<group>"; };
		6490D8152AE133CD008FF1A7 /* Preview Assets.xcassets */ = {isa = PBXFileReference; lastKnownFileType = folder.assetcatalog; path = "Preview Assets.xcassets"; sourceTree = "<group>"; };
		6490D81E2AE13412008FF1A7 /* coreModel.xcdatamodel */ = {isa = PBXFileReference; lastKnownFileType = wrapper.xcdatamodel; path = coreModel.xcdatamodel; sourceTree = "<group>"; };
		6490D8202AE13436008FF1A7 /* coreModelController.swift */ = {isa = PBXFileReference; lastKnownFileType = sourcecode.swift; path = coreModelController.swift; sourceTree = "<group>"; };
/* End PBXFileReference section */

/* Begin PBXFrameworksBuildPhase section */
		6490D8082AE133CC008FF1A7 /* Frameworks */ = {
			isa = PBXFrameworksBuildPhase;
			buildActionMask = 2147483647;
			files = (
			);
			runOnlyForDeploymentPostprocessing = 0;
		};
/* End PBXFrameworksBuildPhase section */

/* Begin PBXGroup section */
		6490D8022AE133CC008FF1A7 = {
			isa = PBXGroup;
			children = (
				6490D80D2AE133CC008FF1A7 /* coredata_self_programming */,
				6490D80C2AE133CC008FF1A7 /* Products */,
			);
			sourceTree = "<group>";
		};
		6490D80C2AE133CC008FF1A7 /* Products */ = {
			isa = PBXGroup;
			children = (
				6490D80B2AE133CC008FF1A7 /* coredata_self_programming.app */,
			);
			name = Products;
			sourceTree = "<group>";
		};
		6490D80D2AE133CC008FF1A7 /* coredata_self_programming */ = {
			isa = PBXGroup;
			children = (
				6490D80E2AE133CC008FF1A7 /* coredata_self_programmingApp.swift */,
				6490D8102AE133CC008FF1A7 /* ContentView.swift */,
				64F5D6982AF13AB1009C99ED /* coreModel */,
				6490D8122AE133CD008FF1A7 /* Assets.xcassets */,
				6490D8142AE133CD008FF1A7 /* Preview Content */,
			);
			path = coredata_self_programming;
			sourceTree = "<group>";
		};
		6490D8142AE133CD008FF1A7 /* Preview Content */ = {
			isa = PBXGroup;
			children = (
				6490D8152AE133CD008FF1A7 /* Preview Assets.xcassets */,
			);
			path = "Preview Content";
			sourceTree = "<group>";
		};
		64F5D6982AF13AB1009C99ED /* coreModel */ = {
			isa = PBXGroup;
			children = (
				6490D8202AE13436008FF1A7 /* coreModelController.swift */,
				6490D81D2AE13412008FF1A7 /* coreModel.xcdatamodeld */,
			);
			path = coreModel;
			sourceTree = "<group>";
		};
/* End PBXGroup section */

/* Begin PBXNativeTarget section */
		6490D80A2AE133CC008FF1A7 /* coredata_self_programming */ = {
			isa = PBXNativeTarget;
			buildConfigurationList = 6490D8192AE133CD008FF1A7 /* Build configuration list for PBXNativeTarget "coredata_self_programming" */;
			buildPhases = (
				6490D8072AE133CC008FF1A7 /* Sources */,
				6490D8082AE133CC008FF1A7 /* Frameworks */,
				6490D8092AE133CC008FF1A7 /* Resources */,
			);
			buildRules = (
			);
			dependencies = (
			);
			name = coredata_self_programming;
			productName = coredata_self_programming;
			productReference = 6490D80B2AE133CC008FF1A7 /* coredata_self_programming.app */;
			productType = "com.apple.product-type.application";
		};
/* End PBXNativeTarget section */

/* Begin PBXProject section */
		6490D8032AE133CC008FF1A7 /* Project object */ = {
			isa = PBXProject;
			attributes = {
				BuildIndependentTargetsInParallel = 1;
				LastSwiftUpdateCheck = 1500;
				LastUpgradeCheck = 1500;
				TargetAttributes = {
					6490D80A2AE133CC008FF1A7 = {
						CreatedOnToolsVersion = 15.0;
					};
				};
			};
			buildConfigurationList = 6490D8062AE133CC008FF1A7 /* Build configuration list for PBXProject "coredata_self_programming" */;
			compatibilityVersion = "Xcode 14.0";
			developmentRegion = en;
			hasScannedForEncodings = 0;
			knownRegions = (
				en,
				Base,
			);
			mainGroup = 6490D8022AE133CC008FF1A7;
			productRefGroup = 6490D80C2AE133CC008FF1A7 /* Products */;
			projectDirPath = "";
			projectRoot = "";
			targets = (
				6490D80A2AE133CC008FF1A7 /* coredata_self_programming */,
			);
		};
/* End PBXProject section */

/* Begin PBXResourcesBuildPhase section */
		6490D8092AE133CC008FF1A7 /* Resources */ = {
			isa = PBXResourcesBuildPhase;
			buildActionMask = 2147483647;
			files = (
				6490D8162AE133CD008FF1A7 /* Preview Assets.xcassets in Resources */,
				6490D8132AE133CD008FF1A7 /* Assets.xcassets in Resources */,
			);
			runOnlyForDeploymentPostprocessing = 0;
		};
/* End PBXResourcesBuildPhase section */

/* Begin PBXSourcesBuildPhase section */
		6490D8072AE133CC008FF1A7 /* Sources */ = {
			isa = PBXSourcesBuildPhase;
			buildActionMask = 2147483647;
			files = (
				6490D8112AE133CC008FF1A7 /* ContentView.swift in Sources */,
				6490D80F2AE133CC008FF1A7 /* coredata_self_programmingApp.swift in Sources */,
				6490D8212AE13436008FF1A7 /* coreModelController.swift in Sources */,
				6490D81F2AE13412008FF1A7 /* coreModel.xcdatamodeld in Sources */,
			);
			runOnlyForDeploymentPostprocessing = 0;
		};
/* End PBXSourcesBuildPhase section */

/* Begin XCBuildConfiguration section */
		6490D8172AE133CD008FF1A7 /* Debug */ = {
			isa = XCBuildConfiguration;
			buildSettings = {
				ALWAYS_SEARCH_USER_PATHS = NO;
				ASSETCATALOG_COMPILER_GENERATE_SWIFT_ASSET_SYMBOL_EXTENSIONS = YES;
				CLANG_ANALYZER_NONNULL = YES;
				CLANG_ANALYZER_NUMBER_OBJECT_CONVERSION = YES_AGGRESSIVE;
				CLANG_CXX_LANGUAGE_STANDARD = "gnu++20";
				CLANG_ENABLE_MODULES = YES;
				CLANG_ENABLE_OBJC_ARC = YES;
				CLANG_ENABLE_OBJC_WEAK = YES;
				CLANG_WARN_BLOCK_CAPTURE_AUTORELEASING = YES;
				CLANG_WARN_BOOL_CONVERSION = YES;
				CLANG_WARN_COMMA = YES;
				CLANG_WARN_CONSTANT_CONVERSION = YES;
				CLANG_WARN_DEPRECATED_OBJC_IMPLEMENTATIONS = YES;
				CLANG_WARN_DIRECT_OBJC_ISA_USAGE = YES_ERROR;
				CLANG_WARN_DOCUMENTATION_COMMENTS = YES;
				CLANG_WARN_EMPTY_BODY = YES;
				CLANG_WARN_ENUM_CONVERSION = YES;
				CLANG_WARN_INFINITE_RECURSION = YES;
				CLANG_WARN_INT_CONVERSION = YES;
				CLANG_WARN_NON_LITERAL_NULL_CONVERSION = YES;
				CLANG_WARN_OBJC_IMPLICIT_RETAIN_SELF = YES;
				CLANG_WARN_OBJC_LITERAL_CONVERSION = YES;
				CLANG_WARN_OBJC_ROOT_CLASS = YES_ERROR;
				CLANG_WARN_QUOTED_INCLUDE_IN_FRAMEWORK_HEADER = YES;
				CLANG_WARN_RANGE_LOOP_ANALYSIS = YES;
				CLANG_WARN_STRICT_PROTOTYPES = YES;
				CLANG_WARN_SUSPICIOUS_MOVE = YES;
				CLANG_WARN_UNGUARDED_AVAILABILITY = YES_AGGRESSIVE;
				CLANG_WARN_UNREACHABLE_CODE = YES;
				CLANG_WARN__DUPLICATE_METHOD_MATCH = YES;
				COPY_PHASE_STRIP = NO;
				DEBUG_INFORMATION_FORMAT = dwarf;
				ENABLE_STRICT_OBJC_MSGSEND = YES;
				ENABLE_TESTABILITY = YES;
				ENABLE_USER_SCRIPT_SANDBOXING = YES;
				GCC_C_LANGUAGE_STANDARD = gnu17;
				GCC_DYNAMIC_NO_PIC = NO;
				GCC_NO_COMMON_BLOCKS = YES;
				GCC_OPTIMIZATION_LEVEL = 0;
				GCC_PREPROCESSOR_DEFINITIONS = (
					"DEBUG=1",
					"$(inherited)",
				);
				GCC_WARN_64_TO_32_BIT_CONVERSION = YES;
				GCC_WARN_ABOUT_RETURN_TYPE = YES_ERROR;
				GCC_WARN_UNDECLARED_SELECTOR = YES;
				GCC_WARN_UNINITIALIZED_AUTOS = YES_AGGRESSIVE;
				GCC_WARN_UNUSED_FUNCTION = YES;
				GCC_WARN_UNUSED_VARIABLE = YES;
				IPHONEOS_DEPLOYMENT_TARGET = 17.0;
				LOCALIZATION_PREFERS_STRING_CATALOGS = YES;
				MTL_ENABLE_DEBUG_INFO = INCLUDE_SOURCE;
				MTL_FAST_MATH = YES;
				ONLY_ACTIVE_ARCH = YES;
				SDKROOT = iphoneos;
				SWIFT_ACTIVE_COMPILATION_CONDITIONS = "DEBUG $(inherited)";
				SWIFT_OPTIMIZATION_LEVEL = "-Onone";
			};
			name = Debug;
		};
		6490D8182AE133CD008FF1A7 /* Release */ = {
			isa = XCBuildConfiguration;
			buildSettings = {
				ALWAYS_SEARCH_USER_PATHS = NO;
				ASSETCATALOG_COMPILER_GENERATE_SWIFT_ASSET_SYMBOL_EXTENSIONS = YES;
				CLANG_ANALYZER_NONNULL = YES;
				CLANG_ANALYZER_NUMBER_OBJECT_CONVERSION = YES_AGGRESSIVE;
				CLANG_CXX_LANGUAGE_STANDARD = "gnu++20";
				CLANG_ENABLE_MODULES = YES;
				CLANG_ENABLE_OBJC_ARC = YES;
				CLANG_ENABLE_OBJC_WEAK = YES;
				CLANG_WARN_BLOCK_CAPTURE_AUTORELEASING = YES;
				CLANG_WARN_BOOL_CONVERSION = YES;
				CLANG_WARN_COMMA = YES;
				CLANG_WARN_CONSTANT_CONVERSION = YES;
				CLANG_WARN_DEPRECATED_OBJC_IMPLEMENTATIONS = YES;
				CLANG_WARN_DIRECT_OBJC_ISA_USAGE = YES_ERROR;
				CLANG_WARN_DOCUMENTATION_COMMENTS = YES;
				CLANG_WARN_EMPTY_BODY = YES;
				CLANG_WARN_ENUM_CONVERSION = YES;
				CLANG_WARN_INFINITE_RECURSION = YES;
				CLANG_WARN_INT_CONVERSION = YES;
				CLANG_WARN_NON_LITERAL_NULL_CONVERSION = YES;
				CLANG_WARN_OBJC_IMPLICIT_RETAIN_SELF = YES;
				CLANG_WARN_OBJC_LITERAL_CONVERSION = YES;
				CLANG_WARN_OBJC_ROOT_CLASS = YES_ERROR;
				CLANG_WARN_QUOTED_INCLUDE_IN_FRAMEWORK_HEADER = YES;
				CLANG_WARN_RANGE_LOOP_ANALYSIS = YES;
				CLANG_WARN_STRICT_PROTOTYPES = YES;
				CLANG_WARN_SUSPICIOUS_MOVE = YES;
				CLANG_WARN_UNGUARDED_AVAILABILITY = YES_AGGRESSIVE;
				CLANG_WARN_UNREACHABLE_CODE = YES;
				CLANG_WARN__DUPLICATE_METHOD_MATCH = YES;
				COPY_PHASE_STRIP = NO;
				DEBUG_INFORMATION_FORMAT = "dwarf-with-dsym";
				ENABLE_NS_ASSERTIONS = NO;
				ENABLE_STRICT_OBJC_MSGSEND = YES;
				ENABLE_USER_SCRIPT_SANDBOXING = YES;
				GCC_C_LANGUAGE_STANDARD = gnu17;
				GCC_NO_COMMON_BLOCKS = YES;
				GCC_WARN_64_TO_32_BIT_CONVERSION = YES;
				GCC_WARN_ABOUT_RETURN_TYPE = YES_ERROR;
				GCC_WARN_UNDECLARED_SELECTOR = YES;
				GCC_WARN_UNINITIALIZED_AUTOS = YES_AGGRESSIVE;
				GCC_WARN_UNUSED_FUNCTION = YES;
				GCC_WARN_UNUSED_VARIABLE = YES;
				IPHONEOS_DEPLOYMENT_TARGET = 17.0;
				LOCALIZATION_PREFERS_STRING_CATALOGS = YES;
				MTL_ENABLE_DEBUG_INFO = NO;
				MTL_FAST_MATH = YES;
				SDKROOT = iphoneos;
				SWIFT_COMPILATION_MODE = wholemodule;
				VALIDATE_PRODUCT = YES;
			};
			name = Release;
		};
		6490D81A2AE133CD008FF1A7 /* Debug */ = {
			isa = XCBuildConfiguration;
			buildSettings = {
				ASSETCATALOG_COMPILER_APPICON_NAME = AppIcon;
				ASSETCATALOG_COMPILER_GLOBAL_ACCENT_COLOR_NAME = AccentColor;
				CODE_SIGN_STYLE = Automatic;
				CURRENT_PROJECT_VERSION = 1;
				DEVELOPMENT_ASSET_PATHS = "\"coredata_self_programming/Preview Content\"";
				DEVELOPMENT_TEAM = 34RWWTZRHY;
				ENABLE_PREVIEWS = YES;
				GENERATE_INFOPLIST_FILE = YES;
				INFOPLIST_KEY_UIApplicationSceneManifest_Generation = YES;
				INFOPLIST_KEY_UIApplicationSupportsIndirectInputEvents = YES;
				INFOPLIST_KEY_UILaunchScreen_Generation = YES;
				INFOPLIST_KEY_UISupportedInterfaceOrientations_iPad = "UIInterfaceOrientationPortrait UIInterfaceOrientationPortraitUpsideDown UIInterfaceOrientationLandscapeLeft UIInterfaceOrientationLandscapeRight";
				INFOPLIST_KEY_UISupportedInterfaceOrientations_iPhone = "UIInterfaceOrientationPortrait UIInterfaceOrientationLandscapeLeft UIInterfaceOrientationLandscapeRight";
				LD_RUNPATH_SEARCH_PATHS = (
					"$(inherited)",
					"@executable_path/Frameworks",
				);
				MARKETING_VERSION = 1.0;
				PRODUCT_BUNDLE_IDENTIFIER = "test.coredata-self-programming";
				PRODUCT_NAME = "$(TARGET_NAME)";
				SWIFT_EMIT_LOC_STRINGS = YES;
				SWIFT_VERSION = 5.0;
				TARGETED_DEVICE_FAMILY = "1,2";
			};
			name = Debug;
		};
		6490D81B2AE133CD008FF1A7 /* Release */ = {
			isa = XCBuildConfiguration;
			buildSettings = {
				ASSETCATALOG_COMPILER_APPICON_NAME = AppIcon;
				ASSETCATALOG_COMPILER_GLOBAL_ACCENT_COLOR_NAME = AccentColor;
				CODE_SIGN_STYLE = Automatic;
				CURRENT_PROJECT_VERSION = 1;
				DEVELOPMENT_ASSET_PATHS = "\"coredata_self_programming/Preview Content\"";
				DEVELOPMENT_TEAM = 34RWWTZRHY;
				ENABLE_PREVIEWS = YES;
				GENERATE_INFOPLIST_FILE = YES;
				INFOPLIST_KEY_UIApplicationSceneManifest_Generation = YES;
				INFOPLIST_KEY_UIApplicationSupportsIndirectInputEvents = YES;
				INFOPLIST_KEY_UILaunchScreen_Generation = YES;
				INFOPLIST_KEY_UISupportedInterfaceOrientations_iPad = "UIInterfaceOrientationPortrait UIInterfaceOrientationPortraitUpsideDown UIInterfaceOrientationLandscapeLeft UIInterfaceOrientationLandscapeRight";
				INFOPLIST_KEY_UISupportedInterfaceOrientations_iPhone = "UIInterfaceOrientationPortrait UIInterfaceOrientationLandscapeLeft UIInterfaceOrientationLandscapeRight";
				LD_RUNPATH_SEARCH_PATHS = (
					"$(inherited)",
					"@executable_path/Frameworks",
				);
				MARKETING_VERSION = 1.0;
				PRODUCT_BUNDLE_IDENTIFIER = "test.coredata-self-programming";
				PRODUCT_NAME = "$(TARGET_NAME)";
				SWIFT_EMIT_LOC_STRINGS = YES;
				SWIFT_VERSION = 5.0;
				TARGETED_DEVICE_FAMILY = "1,2";
			};
			name = Release;
		};
/* End XCBuildConfiguration section */

/* Begin XCConfigurationList section */
		6490D8062AE133CC008FF1A7 /* Build configuration list for PBXProject "coredata_self_programming" */ = {
			isa = XCConfigurationList;
			buildConfigurations = (
				6490D8172AE133CD008FF1A7 /* Debug */,
				6490D8182AE133CD008FF1A7 /* Release */,
			);
			defaultConfigurationIsVisible = 0;
			defaultConfigurationName = Release;
		};
		6490D8192AE133CD008FF1A7 /* Build configuration list for PBXNativeTarget "coredata_self_programming" */ = {
			isa = XCConfigurationList;
			buildConfigurations = (
				6490D81A2AE133CD008FF1A7 /* Debug */,
				6490D81B2AE133CD008FF1A7 /* Release */,
			);
			defaultConfigurationIsVisible = 0;
			defaultConfigurationName = Release;
		};
/* End XCConfigurationList section */

/* Begin XCVersionGroup section */
		6490D81D2AE13412008FF1A7 /* coreModel.xcdatamodeld */ = {
			isa = XCVersionGroup;
			children = (
				6490D81E2AE13412008FF1A7 /* coreModel.xcdatamodel */,
			);
			currentVersion = 6490D81E2AE13412008FF1A7 /* coreModel.xcdatamodel */;
			path = coreModel.xcdatamodeld;
			sourceTree = "<group>";
			versionGroupType = wrapper.xcdatamodel;
		};
/* End XCVersionGroup section */
	};
	rootObject = 6490D8032AE133CC008FF1A7 /* Project object */;
}
